// !$*UTF8*$!
{
	archiveVersion = 1;
	classes = {
	};
	objectVersion = 50;
	objects = {

/* Begin PBXBuildFile section */
		52547EA5395B0107D447F622 /* Pods_Giphity.framework in Frameworks */ = {isa = PBXBuildFile; fileRef = A5803908CFF37BC9C3D9867C /* Pods_Giphity.framework */; };
		8D08DB88225DD36C004959D8 /* CollectionViewDataSource.swift in Sources */ = {isa = PBXBuildFile; fileRef = 8D08DB87225DD36C004959D8 /* CollectionViewDataSource.swift */; };
		8D08DB8C225DDBD5004959D8 /* GiphySearchResponse.swift in Sources */ = {isa = PBXBuildFile; fileRef = 8D08DB8B225DDBD5004959D8 /* GiphySearchResponse.swift */; };
		8D08DB8F225DF10D004959D8 /* UIColor.swift in Sources */ = {isa = PBXBuildFile; fileRef = 8D08DB8E225DF10D004959D8 /* UIColor.swift */; };
		8D09203D225C83C8004D6F90 /* CollectionViewCellConfigurator.swift in Sources */ = {isa = PBXBuildFile; fileRef = 8D09203C225C83C8004D6F90 /* CollectionViewCellConfigurator.swift */; };
		8D0D6233226857B90011FF04 /* RandomGifService.swift in Sources */ = {isa = PBXBuildFile; fileRef = 8D0D6232226857B90011FF04 /* RandomGifService.swift */; };
		8D0D6235226858FF0011FF04 /* GifFetcherType.swift in Sources */ = {isa = PBXBuildFile; fileRef = 8D0D6234226858FF0011FF04 /* GifFetcherType.swift */; };
		8D0D6237226859AE0011FF04 /* GifDataEngineType.swift in Sources */ = {isa = PBXBuildFile; fileRef = 8D0D6236226859AE0011FF04 /* GifDataEngineType.swift */; };
		8D0D623B226874390011FF04 /* RandomGifRequestPerformable.swift in Sources */ = {isa = PBXBuildFile; fileRef = 8D0D623A226874390011FF04 /* RandomGifRequestPerformable.swift */; };
		8D0D623D22687A310011FF04 /* RandomGifServiceError.swift in Sources */ = {isa = PBXBuildFile; fileRef = 8D0D623C22687A310011FF04 /* RandomGifServiceError.swift */; };
		8D0D624122687E5E0011FF04 /* RandomGifServiceType.swift in Sources */ = {isa = PBXBuildFile; fileRef = 8D0D624022687E5E0011FF04 /* RandomGifServiceType.swift */; };
		8D410E40225B4B45001F5132 /* GifObject.swift in Sources */ = {isa = PBXBuildFile; fileRef = 8D410E3F225B4B45001F5132 /* GifObject.swift */; };
		8D410E46225B68DB001F5132 /* ImagesObject.swift in Sources */ = {isa = PBXBuildFile; fileRef = 8D410E45225B68DB001F5132 /* ImagesObject.swift */; };
		8D410E4D225B91F2001F5132 /* GiphyResponse.swift in Sources */ = {isa = PBXBuildFile; fileRef = 8D410E4C225B91F2001F5132 /* GiphyResponse.swift */; };
		8D410E4F225B9FE8001F5132 /* DataSource.swift in Sources */ = {isa = PBXBuildFile; fileRef = 8D410E4E225B9FE8001F5132 /* DataSource.swift */; };
		8D410E53225BA1E9001F5132 /* Section.swift in Sources */ = {isa = PBXBuildFile; fileRef = 8D410E52225BA1E9001F5132 /* Section.swift */; };
		8D6424672257A482001579F3 /* XibLoadable.swift in Sources */ = {isa = PBXBuildFile; fileRef = 8D6424662257A482001579F3 /* XibLoadable.swift */; };
		8D6F924522576AD100D43279 /* SearchGifsViewController.swift in Sources */ = {isa = PBXBuildFile; fileRef = 8D6F924322576AD100D43279 /* SearchGifsViewController.swift */; };
		8D6F924822576B0900D43279 /* SearchGifsViewController.storyboard in Resources */ = {isa = PBXBuildFile; fileRef = 8D6F924722576B0900D43279 /* SearchGifsViewController.storyboard */; };
		8D6F924C22576C3500D43279 /* GifCollectionViewCell.swift in Sources */ = {isa = PBXBuildFile; fileRef = 8D6F924A22576C3500D43279 /* GifCollectionViewCell.swift */; };
		8D6F924D22576C3500D43279 /* GifCollectionViewCell.xib in Resources */ = {isa = PBXBuildFile; fileRef = 8D6F924B22576C3500D43279 /* GifCollectionViewCell.xib */; };
		8D954DD8225CF1AD003A0195 /* GifCollectionViewCellViewModel.swift in Sources */ = {isa = PBXBuildFile; fileRef = 8D954DD7225CF1AD003A0195 /* GifCollectionViewCellViewModel.swift */; };
		8D954DDC225CF70C003A0195 /* GifFetcher.swift in Sources */ = {isa = PBXBuildFile; fileRef = 8D954DDB225CF70C003A0195 /* GifFetcher.swift */; };
		8D9A491B225B2E9600F0AFE8 /* FlowCoordinator.swift in Sources */ = {isa = PBXBuildFile; fileRef = 8D9A491A225B2E9600F0AFE8 /* FlowCoordinator.swift */; };
		8D9A491D225B2EC500F0AFE8 /* MainFlowCoordinator.swift in Sources */ = {isa = PBXBuildFile; fileRef = 8D9A491C225B2EC500F0AFE8 /* MainFlowCoordinator.swift */; };
		8DAF8A92226771D4007E15A2 /* Resolver+SwiftResult.swift in Sources */ = {isa = PBXBuildFile; fileRef = 8DAF8A91226771D4007E15A2 /* Resolver+SwiftResult.swift */; };
		8DC6C418225642E600C2FAF2 /* GifDataEngine.swift in Sources */ = {isa = PBXBuildFile; fileRef = 8DC6C417225642E600C2FAF2 /* GifDataEngine.swift */; };
		8DDBFB8F22560BC7009F7286 /* AppDelegate.swift in Sources */ = {isa = PBXBuildFile; fileRef = 8DDBFB8E22560BC7009F7286 /* AppDelegate.swift */; };
		8DDBFB9122560BC7009F7286 /* RandomGifViewController.swift in Sources */ = {isa = PBXBuildFile; fileRef = 8DDBFB9022560BC7009F7286 /* RandomGifViewController.swift */; };
		8DDBFB9622560BC9009F7286 /* Assets.xcassets in Resources */ = {isa = PBXBuildFile; fileRef = 8DDBFB9522560BC9009F7286 /* Assets.xcassets */; };
		8DDBFB9922560BC9009F7286 /* LaunchScreen.storyboard in Resources */ = {isa = PBXBuildFile; fileRef = 8DDBFB9722560BC9009F7286 /* LaunchScreen.storyboard */; };
		8DDBFBA722561A6C009F7286 /* GiphyRequestManager.swift in Sources */ = {isa = PBXBuildFile; fileRef = 8DDBFBA622561A6C009F7286 /* GiphyRequestManager.swift */; };
		8DDBFBA922561F48009F7286 /* RandomGifViewController.storyboard in Resources */ = {isa = PBXBuildFile; fileRef = 8DDBFBA822561F48009F7286 /* RandomGifViewController.storyboard */; };
		8DDBFBAC22561F89009F7286 /* StoryboardLoadable.swift in Sources */ = {isa = PBXBuildFile; fileRef = 8DDBFBAB22561F89009F7286 /* StoryboardLoadable.swift */; };
		8DDBFBAE22561FBB009F7286 /* InterfaceBuilderIdentifiable.swift in Sources */ = {isa = PBXBuildFile; fileRef = 8DDBFBAD22561FBB009F7286 /* InterfaceBuilderIdentifiable.swift */; };
		8DDBFBB122562594009F7286 /* UIStoryboard+ViewControllerInstantiation.swift in Sources */ = {isa = PBXBuildFile; fileRef = 8DDBFBB022562594009F7286 /* UIStoryboard+ViewControllerInstantiation.swift */; };
/* End PBXBuildFile section */

/* Begin PBXFileReference section */
		8A1F3841D49BE85F8A481E6C /* Pods-Giphity.debug.xcconfig */ = {isa = PBXFileReference; includeInIndex = 1; lastKnownFileType = text.xcconfig; name = "Pods-Giphity.debug.xcconfig"; path = "Target Support Files/Pods-Giphity/Pods-Giphity.debug.xcconfig"; sourceTree = "<group>"; };
		8D08DB87225DD36C004959D8 /* CollectionViewDataSource.swift */ = {isa = PBXFileReference; lastKnownFileType = sourcecode.swift; path = CollectionViewDataSource.swift; sourceTree = "<group>"; };
		8D08DB8B225DDBD5004959D8 /* GiphySearchResponse.swift */ = {isa = PBXFileReference; lastKnownFileType = sourcecode.swift; path = GiphySearchResponse.swift; sourceTree = "<group>"; };
		8D08DB8E225DF10D004959D8 /* UIColor.swift */ = {isa = PBXFileReference; lastKnownFileType = sourcecode.swift; path = UIColor.swift; sourceTree = "<group>"; };
		8D09203C225C83C8004D6F90 /* CollectionViewCellConfigurator.swift */ = {isa = PBXFileReference; lastKnownFileType = sourcecode.swift; path = CollectionViewCellConfigurator.swift; sourceTree = "<group>"; };
		8D0D6232226857B90011FF04 /* RandomGifService.swift */ = {isa = PBXFileReference; lastKnownFileType = sourcecode.swift; path = RandomGifService.swift; sourceTree = "<group>"; };
		8D0D6234226858FF0011FF04 /* GifFetcherType.swift */ = {isa = PBXFileReference; lastKnownFileType = sourcecode.swift; path = GifFetcherType.swift; sourceTree = "<group>"; };
		8D0D6236226859AE0011FF04 /* GifDataEngineType.swift */ = {isa = PBXFileReference; lastKnownFileType = sourcecode.swift; path = GifDataEngineType.swift; sourceTree = "<group>"; };
		8D0D623A226874390011FF04 /* RandomGifRequestPerformable.swift */ = {isa = PBXFileReference; lastKnownFileType = sourcecode.swift; path = RandomGifRequestPerformable.swift; sourceTree = "<group>"; };
		8D0D623C22687A310011FF04 /* RandomGifServiceError.swift */ = {isa = PBXFileReference; lastKnownFileType = sourcecode.swift; path = RandomGifServiceError.swift; sourceTree = "<group>"; };
		8D0D624022687E5E0011FF04 /* RandomGifServiceType.swift */ = {isa = PBXFileReference; lastKnownFileType = sourcecode.swift; path = RandomGifServiceType.swift; sourceTree = "<group>"; };
		8D410E3F225B4B45001F5132 /* GifObject.swift */ = {isa = PBXFileReference; lastKnownFileType = sourcecode.swift; path = GifObject.swift; sourceTree = "<group>"; };
		8D410E45225B68DB001F5132 /* ImagesObject.swift */ = {isa = PBXFileReference; lastKnownFileType = sourcecode.swift; path = ImagesObject.swift; sourceTree = "<group>"; };
		8D410E4C225B91F2001F5132 /* GiphyResponse.swift */ = {isa = PBXFileReference; lastKnownFileType = sourcecode.swift; path = GiphyResponse.swift; sourceTree = "<group>"; };
		8D410E4E225B9FE8001F5132 /* DataSource.swift */ = {isa = PBXFileReference; lastKnownFileType = sourcecode.swift; path = DataSource.swift; sourceTree = "<group>"; };
		8D410E52225BA1E9001F5132 /* Section.swift */ = {isa = PBXFileReference; lastKnownFileType = sourcecode.swift; path = Section.swift; sourceTree = "<group>"; };
		8D6424662257A482001579F3 /* XibLoadable.swift */ = {isa = PBXFileReference; lastKnownFileType = sourcecode.swift; path = XibLoadable.swift; sourceTree = "<group>"; };
		8D6F924322576AD100D43279 /* SearchGifsViewController.swift */ = {isa = PBXFileReference; lastKnownFileType = sourcecode.swift; path = SearchGifsViewController.swift; sourceTree = "<group>"; };
		8D6F924722576B0900D43279 /* SearchGifsViewController.storyboard */ = {isa = PBXFileReference; lastKnownFileType = file.storyboard; path = SearchGifsViewController.storyboard; sourceTree = "<group>"; };
		8D6F924A22576C3500D43279 /* GifCollectionViewCell.swift */ = {isa = PBXFileReference; lastKnownFileType = sourcecode.swift; path = GifCollectionViewCell.swift; sourceTree = "<group>"; };
		8D6F924B22576C3500D43279 /* GifCollectionViewCell.xib */ = {isa = PBXFileReference; lastKnownFileType = file.xib; path = GifCollectionViewCell.xib; sourceTree = "<group>"; };
		8D954DD7225CF1AD003A0195 /* GifCollectionViewCellViewModel.swift */ = {isa = PBXFileReference; lastKnownFileType = sourcecode.swift; path = GifCollectionViewCellViewModel.swift; sourceTree = "<group>"; };
		8D954DDB225CF70C003A0195 /* GifFetcher.swift */ = {isa = PBXFileReference; lastKnownFileType = sourcecode.swift; path = GifFetcher.swift; sourceTree = "<group>"; };
		8D9A491A225B2E9600F0AFE8 /* FlowCoordinator.swift */ = {isa = PBXFileReference; lastKnownFileType = sourcecode.swift; path = FlowCoordinator.swift; sourceTree = "<group>"; };
		8D9A491C225B2EC500F0AFE8 /* MainFlowCoordinator.swift */ = {isa = PBXFileReference; lastKnownFileType = sourcecode.swift; path = MainFlowCoordinator.swift; sourceTree = "<group>"; };
		8DAF8A91226771D4007E15A2 /* Resolver+SwiftResult.swift */ = {isa = PBXFileReference; lastKnownFileType = sourcecode.swift; path = "Resolver+SwiftResult.swift"; sourceTree = "<group>"; };
		8DC6C417225642E600C2FAF2 /* GifDataEngine.swift */ = {isa = PBXFileReference; lastKnownFileType = sourcecode.swift; path = GifDataEngine.swift; sourceTree = "<group>"; };
		8DDBFB8B22560BC7009F7286 /* Giphity.app */ = {isa = PBXFileReference; explicitFileType = wrapper.application; includeInIndex = 0; path = Giphity.app; sourceTree = BUILT_PRODUCTS_DIR; };
		8DDBFB8E22560BC7009F7286 /* AppDelegate.swift */ = {isa = PBXFileReference; lastKnownFileType = sourcecode.swift; path = AppDelegate.swift; sourceTree = "<group>"; };
		8DDBFB9022560BC7009F7286 /* RandomGifViewController.swift */ = {isa = PBXFileReference; lastKnownFileType = sourcecode.swift; path = RandomGifViewController.swift; sourceTree = "<group>"; };
		8DDBFB9522560BC9009F7286 /* Assets.xcassets */ = {isa = PBXFileReference; lastKnownFileType = folder.assetcatalog; path = Assets.xcassets; sourceTree = "<group>"; };
		8DDBFB9822560BC9009F7286 /* Base */ = {isa = PBXFileReference; lastKnownFileType = file.storyboard; name = Base; path = Base.lproj/LaunchScreen.storyboard; sourceTree = "<group>"; };
		8DDBFB9A22560BC9009F7286 /* Info.plist */ = {isa = PBXFileReference; lastKnownFileType = text.plist.xml; path = Info.plist; sourceTree = "<group>"; };
		8DDBFBA622561A6C009F7286 /* GiphyRequestManager.swift */ = {isa = PBXFileReference; lastKnownFileType = sourcecode.swift; path = GiphyRequestManager.swift; sourceTree = "<group>"; };
		8DDBFBA822561F48009F7286 /* RandomGifViewController.storyboard */ = {isa = PBXFileReference; lastKnownFileType = file.storyboard; path = RandomGifViewController.storyboard; sourceTree = "<group>"; };
		8DDBFBAB22561F89009F7286 /* StoryboardLoadable.swift */ = {isa = PBXFileReference; lastKnownFileType = sourcecode.swift; path = StoryboardLoadable.swift; sourceTree = "<group>"; };
		8DDBFBAD22561FBB009F7286 /* InterfaceBuilderIdentifiable.swift */ = {isa = PBXFileReference; lastKnownFileType = sourcecode.swift; path = InterfaceBuilderIdentifiable.swift; sourceTree = "<group>"; };
		8DDBFBB022562594009F7286 /* UIStoryboard+ViewControllerInstantiation.swift */ = {isa = PBXFileReference; lastKnownFileType = sourcecode.swift; path = "UIStoryboard+ViewControllerInstantiation.swift"; sourceTree = "<group>"; };
		A5803908CFF37BC9C3D9867C /* Pods_Giphity.framework */ = {isa = PBXFileReference; explicitFileType = wrapper.framework; includeInIndex = 0; path = Pods_Giphity.framework; sourceTree = BUILT_PRODUCTS_DIR; };
		D524A7D9CD259B0B4BF6F805 /* Pods-Giphity.release.xcconfig */ = {isa = PBXFileReference; includeInIndex = 1; lastKnownFileType = text.xcconfig; name = "Pods-Giphity.release.xcconfig"; path = "Target Support Files/Pods-Giphity/Pods-Giphity.release.xcconfig"; sourceTree = "<group>"; };
/* End PBXFileReference section */

/* Begin PBXFrameworksBuildPhase section */
		8DDBFB8822560BC7009F7286 /* Frameworks */ = {
			isa = PBXFrameworksBuildPhase;
			buildActionMask = 2147483647;
			files = (
				52547EA5395B0107D447F622 /* Pods_Giphity.framework in Frameworks */,
			);
			runOnlyForDeploymentPostprocessing = 0;
		};
/* End PBXFrameworksBuildPhase section */

/* Begin PBXGroup section */
		8D08DB85225DD349004959D8 /* CollectionViewDataSource */ = {
			isa = PBXGroup;
			children = (
				8D08DB87225DD36C004959D8 /* CollectionViewDataSource.swift */,
			);
			path = CollectionViewDataSource;
			sourceTree = "<group>";
		};
		8D08DB86225DD357004959D8 /* CollectionView */ = {
			isa = PBXGroup;
			children = (
				8D08DB85225DD349004959D8 /* CollectionViewDataSource */,
				8D09203B225C83B6004D6F90 /* CollectionViewConfigurator */,
			);
			path = CollectionView;
			sourceTree = "<group>";
		};
		8D08DB8D225DDBE2004959D8 /* GiphySearchResponse */ = {
			isa = PBXGroup;
			children = (
				8D08DB8B225DDBD5004959D8 /* GiphySearchResponse.swift */,
			);
			path = GiphySearchResponse;
			sourceTree = "<group>";
		};
		8D09203B225C83B6004D6F90 /* CollectionViewConfigurator */ = {
			isa = PBXGroup;
			children = (
				8D09203C225C83C8004D6F90 /* CollectionViewCellConfigurator.swift */,
			);
			path = CollectionViewConfigurator;
			sourceTree = "<group>";
		};
		8D0D62312268578A0011FF04 /* Services */ = {
			isa = PBXGroup;
			children = (
				8D0D624222687E720011FF04 /* RandomGifService */,
			);
			path = Services;
			sourceTree = "<group>";
		};
		8D0D624222687E720011FF04 /* RandomGifService */ = {
			isa = PBXGroup;
			children = (
				8D0D624022687E5E0011FF04 /* RandomGifServiceType.swift */,
				8D0D6232226857B90011FF04 /* RandomGifService.swift */,
				8D0D623C22687A310011FF04 /* RandomGifServiceError.swift */,
			);
			path = RandomGifService;
			sourceTree = "<group>";
		};
		8D410E3C225B4B10001F5132 /* Models */ = {
			isa = PBXGroup;
			children = (
				8D410E3D225B4B18001F5132 /* Giphy */,
			);
			path = Models;
			sourceTree = "<group>";
		};
		8D410E3D225B4B18001F5132 /* Giphy */ = {
			isa = PBXGroup;
			children = (
				8D08DB8D225DDBE2004959D8 /* GiphySearchResponse */,
				8D410E4B225B91CC001F5132 /* GiphyResponse */,
				8D410E44225B6893001F5132 /* ImagesObject */,
				8D410E3E225B4B34001F5132 /* GifObject */,
			);
			path = Giphy;
			sourceTree = "<group>";
		};
		8D410E3E225B4B34001F5132 /* GifObject */ = {
			isa = PBXGroup;
			children = (
				8D410E3F225B4B45001F5132 /* GifObject.swift */,
			);
			path = GifObject;
			sourceTree = "<group>";
		};
		8D410E44225B6893001F5132 /* ImagesObject */ = {
			isa = PBXGroup;
			children = (
				8D410E45225B68DB001F5132 /* ImagesObject.swift */,
			);
			path = ImagesObject;
			sourceTree = "<group>";
		};
		8D410E4B225B91CC001F5132 /* GiphyResponse */ = {
			isa = PBXGroup;
			children = (
				8D410E4C225B91F2001F5132 /* GiphyResponse.swift */,
			);
			path = GiphyResponse;
			sourceTree = "<group>";
		};
		8D410E51225BA1D0001F5132 /* DataSource */ = {
			isa = PBXGroup;
			children = (
				8D410E4E225B9FE8001F5132 /* DataSource.swift */,
				8D410E52225BA1E9001F5132 /* Section.swift */,
			);
			path = DataSource;
			sourceTree = "<group>";
		};
		8D410E54225BA2C0001F5132 /* Utils */ = {
			isa = PBXGroup;
			children = (
				8D08DB86225DD357004959D8 /* CollectionView */,
				8D410E51225BA1D0001F5132 /* DataSource */,
			);
			path = Utils;
			sourceTree = "<group>";
		};
		8D6F924222576AAF00D43279 /* SearchGifs */ = {
			isa = PBXGroup;
			children = (
				8D6F924922576BF000D43279 /* GifCollectionViewCell */,
				8D6F924322576AD100D43279 /* SearchGifsViewController.swift */,
				8D6F924722576B0900D43279 /* SearchGifsViewController.storyboard */,
			);
			path = SearchGifs;
			sourceTree = "<group>";
		};
		8D6F924922576BF000D43279 /* GifCollectionViewCell */ = {
			isa = PBXGroup;
			children = (
				8D6F924A22576C3500D43279 /* GifCollectionViewCell.swift */,
				8D6F924B22576C3500D43279 /* GifCollectionViewCell.xib */,
				8D954DD7225CF1AD003A0195 /* GifCollectionViewCellViewModel.swift */,
			);
			path = GifCollectionViewCell;
			sourceTree = "<group>";
		};
		8D954DDA225CF6FE003A0195 /* GifFetcher */ = {
			isa = PBXGroup;
			children = (
				8D954DDB225CF70C003A0195 /* GifFetcher.swift */,
				8D0D6234226858FF0011FF04 /* GifFetcherType.swift */,
			);
			path = GifFetcher;
			sourceTree = "<group>";
		};
		8D9A4919225B2E4500F0AFE8 /* FlowCoordinator */ = {
			isa = PBXGroup;
			children = (
				8D9A491A225B2E9600F0AFE8 /* FlowCoordinator.swift */,
				8D9A491C225B2EC500F0AFE8 /* MainFlowCoordinator.swift */,
			);
			path = FlowCoordinator;
			sourceTree = "<group>";
		};
		8DC6C416225642CD00C2FAF2 /* GifDataEngine */ = {
			isa = PBXGroup;
			children = (
				8DC6C417225642E600C2FAF2 /* GifDataEngine.swift */,
				8D0D6236226859AE0011FF04 /* GifDataEngineType.swift */,
			);
			path = GifDataEngine;
			sourceTree = "<group>";
		};
		8DDBFB8222560BC7009F7286 = {
			isa = PBXGroup;
			children = (
				8DDBFB8D22560BC7009F7286 /* Giphity */,
				8DDBFB8C22560BC7009F7286 /* Products */,
				9FD3F905CE40CA5B0DBD1C4F /* Pods */,
				BC1297B2CDE4ED2C22F379B5 /* Frameworks */,
			);
			sourceTree = "<group>";
		};
		8DDBFB8C22560BC7009F7286 /* Products */ = {
			isa = PBXGroup;
			children = (
				8DDBFB8B22560BC7009F7286 /* Giphity.app */,
			);
			name = Products;
			sourceTree = "<group>";
		};
		8DDBFB8D22560BC7009F7286 /* Giphity */ = {
			isa = PBXGroup;
			children = (
				8D410E54225BA2C0001F5132 /* Utils */,
				8D410E3C225B4B10001F5132 /* Models */,
				8DDBFBAF22562524009F7286 /* Extensions */,
				8DDBFBAA22561F70009F7286 /* Protocols */,
				8DDBFBA422561A32009F7286 /* CoreServices */,
				8D0D62312268578A0011FF04 /* Services */,
				8DDBFBA1225614AF009F7286 /* Main */,
				8DDBFBA2225614B8009F7286 /* Screens */,
				8DDBFBA022560BF4009F7286 /* Resources */,
			);
			path = Giphity;
			sourceTree = "<group>";
		};
		8DDBFBA022560BF4009F7286 /* Resources */ = {
			isa = PBXGroup;
			children = (
				8DDBFB9522560BC9009F7286 /* Assets.xcassets */,
				8DDBFB9722560BC9009F7286 /* LaunchScreen.storyboard */,
				8DDBFB9A22560BC9009F7286 /* Info.plist */,
			);
			path = Resources;
			sourceTree = "<group>";
		};
		8DDBFBA1225614AF009F7286 /* Main */ = {
			isa = PBXGroup;
			children = (
				8D9A4919225B2E4500F0AFE8 /* FlowCoordinator */,
				8DDBFB8E22560BC7009F7286 /* AppDelegate.swift */,
			);
			path = Main;
			sourceTree = "<group>";
		};
		8DDBFBA2225614B8009F7286 /* Screens */ = {
			isa = PBXGroup;
			children = (
				8D6F924222576AAF00D43279 /* SearchGifs */,
				8DDBFBA322561865009F7286 /* RandomGif */,
			);
			path = Screens;
			sourceTree = "<group>";
		};
		8DDBFBA322561865009F7286 /* RandomGif */ = {
			isa = PBXGroup;
			children = (
				8DDBFB9022560BC7009F7286 /* RandomGifViewController.swift */,
				8DDBFBA822561F48009F7286 /* RandomGifViewController.storyboard */,
			);
			path = RandomGif;
			sourceTree = "<group>";
		};
		8DDBFBA422561A32009F7286 /* CoreServices */ = {
			isa = PBXGroup;
			children = (
				8D954DDA225CF6FE003A0195 /* GifFetcher */,
				8DC6C416225642CD00C2FAF2 /* GifDataEngine */,
				8DDBFBA522561A47009F7286 /* GiphyRequestManager */,
			);
			path = CoreServices;
			sourceTree = "<group>";
		};
		8DDBFBA522561A47009F7286 /* GiphyRequestManager */ = {
			isa = PBXGroup;
			children = (
				8DDBFBA622561A6C009F7286 /* GiphyRequestManager.swift */,
				8D0D623A226874390011FF04 /* RandomGifRequestPerformable.swift */,
			);
			path = GiphyRequestManager;
			sourceTree = "<group>";
		};
		8DDBFBAA22561F70009F7286 /* Protocols */ = {
			isa = PBXGroup;
			children = (
				8DDBFBAB22561F89009F7286 /* StoryboardLoadable.swift */,
				8DDBFBAD22561FBB009F7286 /* InterfaceBuilderIdentifiable.swift */,
				8D6424662257A482001579F3 /* XibLoadable.swift */,
			);
			path = Protocols;
			sourceTree = "<group>";
		};
		8DDBFBAF22562524009F7286 /* Extensions */ = {
			isa = PBXGroup;
			children = (
				8DDBFBB022562594009F7286 /* UIStoryboard+ViewControllerInstantiation.swift */,
				8D08DB8E225DF10D004959D8 /* UIColor.swift */,
				8DAF8A91226771D4007E15A2 /* Resolver+SwiftResult.swift */,
			);
			path = Extensions;
			sourceTree = "<group>";
		};
		9FD3F905CE40CA5B0DBD1C4F /* Pods */ = {
			isa = PBXGroup;
			children = (
				8A1F3841D49BE85F8A481E6C /* Pods-Giphity.debug.xcconfig */,
				D524A7D9CD259B0B4BF6F805 /* Pods-Giphity.release.xcconfig */,
			);
			path = Pods;
			sourceTree = "<group>";
		};
		BC1297B2CDE4ED2C22F379B5 /* Frameworks */ = {
			isa = PBXGroup;
			children = (
				A5803908CFF37BC9C3D9867C /* Pods_Giphity.framework */,
			);
			name = Frameworks;
			sourceTree = "<group>";
		};
/* End PBXGroup section */

/* Begin PBXNativeTarget section */
		8DDBFB8A22560BC7009F7286 /* Giphity */ = {
			isa = PBXNativeTarget;
			buildConfigurationList = 8DDBFB9D22560BC9009F7286 /* Build configuration list for PBXNativeTarget "Giphity" */;
			buildPhases = (
				A4C90C726B8A522D9FA0B578 /* [CP] Check Pods Manifest.lock */,
				8DDBFB8722560BC7009F7286 /* Sources */,
				8DDBFB8822560BC7009F7286 /* Frameworks */,
				8DDBFB8922560BC7009F7286 /* Resources */,
				BAEADCE29758B6A060FF8B2F /* [CP] Embed Pods Frameworks */,
			);
			buildRules = (
			);
			dependencies = (
			);
			name = Giphity;
			productName = Giphity;
			productReference = 8DDBFB8B22560BC7009F7286 /* Giphity.app */;
			productType = "com.apple.product-type.application";
		};
/* End PBXNativeTarget section */

/* Begin PBXProject section */
		8DDBFB8322560BC7009F7286 /* Project object */ = {
			isa = PBXProject;
			attributes = {
				LastSwiftUpdateCheck = 1020;
				LastUpgradeCheck = 1020;
				ORGANIZATIONNAME = Galushka;
				TargetAttributes = {
					8DDBFB8A22560BC7009F7286 = {
						CreatedOnToolsVersion = 10.2;
					};
				};
			};
			buildConfigurationList = 8DDBFB8622560BC7009F7286 /* Build configuration list for PBXProject "Giphity" */;
			compatibilityVersion = "Xcode 9.3";
			developmentRegion = en;
			hasScannedForEncodings = 0;
			knownRegions = (
				en,
				Base,
			);
			mainGroup = 8DDBFB8222560BC7009F7286;
			productRefGroup = 8DDBFB8C22560BC7009F7286 /* Products */;
			projectDirPath = "";
			projectRoot = "";
			targets = (
				8DDBFB8A22560BC7009F7286 /* Giphity */,
			);
		};
/* End PBXProject section */

/* Begin PBXResourcesBuildPhase section */
		8DDBFB8922560BC7009F7286 /* Resources */ = {
			isa = PBXResourcesBuildPhase;
			buildActionMask = 2147483647;
			files = (
				8D6F924822576B0900D43279 /* SearchGifsViewController.storyboard in Resources */,
				8DDBFB9922560BC9009F7286 /* LaunchScreen.storyboard in Resources */,
				8DDBFBA922561F48009F7286 /* RandomGifViewController.storyboard in Resources */,
				8DDBFB9622560BC9009F7286 /* Assets.xcassets in Resources */,
				8D6F924D22576C3500D43279 /* GifCollectionViewCell.xib in Resources */,
			);
			runOnlyForDeploymentPostprocessing = 0;
		};
/* End PBXResourcesBuildPhase section */

/* Begin PBXShellScriptBuildPhase section */
		A4C90C726B8A522D9FA0B578 /* [CP] Check Pods Manifest.lock */ = {
			isa = PBXShellScriptBuildPhase;
			buildActionMask = 2147483647;
			files = (
			);
			inputFileListPaths = (
			);
			inputPaths = (
				"${PODS_PODFILE_DIR_PATH}/Podfile.lock",
				"${PODS_ROOT}/Manifest.lock",
			);
			name = "[CP] Check Pods Manifest.lock";
			outputFileListPaths = (
			);
			outputPaths = (
				"$(DERIVED_FILE_DIR)/Pods-Giphity-checkManifestLockResult.txt",
			);
			runOnlyForDeploymentPostprocessing = 0;
			shellPath = /bin/sh;
			shellScript = "diff \"${PODS_PODFILE_DIR_PATH}/Podfile.lock\" \"${PODS_ROOT}/Manifest.lock\" > /dev/null\nif [ $? != 0 ] ; then\n    # print error to STDERR\n    echo \"error: The sandbox is not in sync with the Podfile.lock. Run 'pod install' or update your CocoaPods installation.\" >&2\n    exit 1\nfi\n# This output is used by Xcode 'outputs' to avoid re-running this script phase.\necho \"SUCCESS\" > \"${SCRIPT_OUTPUT_FILE_0}\"\n";
			showEnvVarsInLog = 0;
		};
		BAEADCE29758B6A060FF8B2F /* [CP] Embed Pods Frameworks */ = {
			isa = PBXShellScriptBuildPhase;
			buildActionMask = 2147483647;
			files = (
			);
			inputFileListPaths = (
			);
			inputPaths = (
				"${PODS_ROOT}/Target Support Files/Pods-Giphity/Pods-Giphity-frameworks.sh",
				"${BUILT_PRODUCTS_DIR}/PromiseKit/PromiseKit.framework",
			);
			name = "[CP] Embed Pods Frameworks";
			outputFileListPaths = (
			);
			outputPaths = (
				"${TARGET_BUILD_DIR}/${FRAMEWORKS_FOLDER_PATH}/PromiseKit.framework",
			);
			runOnlyForDeploymentPostprocessing = 0;
			shellPath = /bin/sh;
			shellScript = "\"${PODS_ROOT}/Target Support Files/Pods-Giphity/Pods-Giphity-frameworks.sh\"\n";
			showEnvVarsInLog = 0;
		};
/* End PBXShellScriptBuildPhase section */

/* Begin PBXSourcesBuildPhase section */
		8DDBFB8722560BC7009F7286 /* Sources */ = {
			isa = PBXSourcesBuildPhase;
			buildActionMask = 2147483647;
			files = (
				8D0D6237226859AE0011FF04 /* GifDataEngineType.swift in Sources */,
				8D410E53225BA1E9001F5132 /* Section.swift in Sources */,
				8D6F924C22576C3500D43279 /* GifCollectionViewCell.swift in Sources */,
				8DAF8A92226771D4007E15A2 /* Resolver+SwiftResult.swift in Sources */,
				8D08DB8C225DDBD5004959D8 /* GiphySearchResponse.swift in Sources */,
				8DDBFBAC22561F89009F7286 /* StoryboardLoadable.swift in Sources */,
				8DDBFBAE22561FBB009F7286 /* InterfaceBuilderIdentifiable.swift in Sources */,
				8DDBFB9122560BC7009F7286 /* RandomGifViewController.swift in Sources */,
				8DDBFB8F22560BC7009F7286 /* AppDelegate.swift in Sources */,
				8D0D623B226874390011FF04 /* RandomGifRequestPerformable.swift in Sources */,
				8D9A491D225B2EC500F0AFE8 /* MainFlowCoordinator.swift in Sources */,
				8D410E4F225B9FE8001F5132 /* DataSource.swift in Sources */,
				8D410E40225B4B45001F5132 /* GifObject.swift in Sources */,
				8D08DB8F225DF10D004959D8 /* UIColor.swift in Sources */,
				8DDBFBA722561A6C009F7286 /* GiphyRequestManager.swift in Sources */,
				8D0D624122687E5E0011FF04 /* RandomGifServiceType.swift in Sources */,
				8D9A491B225B2E9600F0AFE8 /* FlowCoordinator.swift in Sources */,
				8D0D6235226858FF0011FF04 /* GifFetcherType.swift in Sources */,
				8DDBFBB122562594009F7286 /* UIStoryboard+ViewControllerInstantiation.swift in Sources */,
				8D09203D225C83C8004D6F90 /* CollectionViewCellConfigurator.swift in Sources */,
				8D08DB88225DD36C004959D8 /* CollectionViewDataSource.swift in Sources */,
				8D0D6233226857B90011FF04 /* RandomGifService.swift in Sources */,
				8D410E46225B68DB001F5132 /* ImagesObject.swift in Sources */,
				8D6424672257A482001579F3 /* XibLoadable.swift in Sources */,
				8DC6C418225642E600C2FAF2 /* GifDataEngine.swift in Sources */,
				8D0D623D22687A310011FF04 /* RandomGifServiceError.swift in Sources */,
				8D410E4D225B91F2001F5132 /* GiphyResponse.swift in Sources */,
				8D954DD8225CF1AD003A0195 /* GifCollectionViewCellViewModel.swift in Sources */,
				8D954DDC225CF70C003A0195 /* GifFetcher.swift in Sources */,
				8D6F924522576AD100D43279 /* SearchGifsViewController.swift in Sources */,
			);
			runOnlyForDeploymentPostprocessing = 0;
		};
/* End PBXSourcesBuildPhase section */

/* Begin PBXVariantGroup section */
		8DDBFB9722560BC9009F7286 /* LaunchScreen.storyboard */ = {
			isa = PBXVariantGroup;
			children = (
				8DDBFB9822560BC9009F7286 /* Base */,
			);
			name = LaunchScreen.storyboard;
			sourceTree = "<group>";
		};
/* End PBXVariantGroup section */

/* Begin XCBuildConfiguration section */
		8DDBFB9B22560BC9009F7286 /* Debug */ = {
			isa = XCBuildConfiguration;
			buildSettings = {
				ALWAYS_SEARCH_USER_PATHS = NO;
				CLANG_ANALYZER_NONNULL = YES;
				CLANG_ANALYZER_NUMBER_OBJECT_CONVERSION = YES_AGGRESSIVE;
				CLANG_CXX_LANGUAGE_STANDARD = "gnu++14";
				CLANG_CXX_LIBRARY = "libc++";
				CLANG_ENABLE_MODULES = YES;
				CLANG_ENABLE_OBJC_ARC = YES;
				CLANG_ENABLE_OBJC_WEAK = YES;
				CLANG_WARN_BLOCK_CAPTURE_AUTORELEASING = YES;
				CLANG_WARN_BOOL_CONVERSION = YES;
				CLANG_WARN_COMMA = YES;
				CLANG_WARN_CONSTANT_CONVERSION = YES;
				CLANG_WARN_DEPRECATED_OBJC_IMPLEMENTATIONS = YES;
				CLANG_WARN_DIRECT_OBJC_ISA_USAGE = YES_ERROR;
				CLANG_WARN_DOCUMENTATION_COMMENTS = YES;
				CLANG_WARN_EMPTY_BODY = YES;
				CLANG_WARN_ENUM_CONVERSION = YES;
				CLANG_WARN_INFINITE_RECURSION = YES;
				CLANG_WARN_INT_CONVERSION = YES;
				CLANG_WARN_NON_LITERAL_NULL_CONVERSION = YES;
				CLANG_WARN_OBJC_IMPLICIT_RETAIN_SELF = YES;
				CLANG_WARN_OBJC_LITERAL_CONVERSION = YES;
				CLANG_WARN_OBJC_ROOT_CLASS = YES_ERROR;
				CLANG_WARN_RANGE_LOOP_ANALYSIS = YES;
				CLANG_WARN_STRICT_PROTOTYPES = YES;
				CLANG_WARN_SUSPICIOUS_MOVE = YES;
				CLANG_WARN_UNGUARDED_AVAILABILITY = YES_AGGRESSIVE;
				CLANG_WARN_UNREACHABLE_CODE = YES;
				CLANG_WARN__DUPLICATE_METHOD_MATCH = YES;
				CODE_SIGN_IDENTITY = "iPhone Developer";
				COPY_PHASE_STRIP = NO;
				DEBUG_INFORMATION_FORMAT = dwarf;
				ENABLE_STRICT_OBJC_MSGSEND = YES;
				ENABLE_TESTABILITY = YES;
				GCC_C_LANGUAGE_STANDARD = gnu11;
				GCC_DYNAMIC_NO_PIC = NO;
				GCC_NO_COMMON_BLOCKS = YES;
				GCC_OPTIMIZATION_LEVEL = 0;
				GCC_PREPROCESSOR_DEFINITIONS = (
					"DEBUG=1",
					"$(inherited)",
				);
				GCC_WARN_64_TO_32_BIT_CONVERSION = YES;
				GCC_WARN_ABOUT_RETURN_TYPE = YES_ERROR;
				GCC_WARN_UNDECLARED_SELECTOR = YES;
				GCC_WARN_UNINITIALIZED_AUTOS = YES_AGGRESSIVE;
				GCC_WARN_UNUSED_FUNCTION = YES;
				GCC_WARN_UNUSED_VARIABLE = YES;
				IPHONEOS_DEPLOYMENT_TARGET = 12.2;
				MTL_ENABLE_DEBUG_INFO = INCLUDE_SOURCE;
				MTL_FAST_MATH = YES;
				ONLY_ACTIVE_ARCH = YES;
				SDKROOT = iphoneos;
				SWIFT_ACTIVE_COMPILATION_CONDITIONS = DEBUG;
				SWIFT_OPTIMIZATION_LEVEL = "-Onone";
			};
			name = Debug;
		};
		8DDBFB9C22560BC9009F7286 /* Release */ = {
			isa = XCBuildConfiguration;
			buildSettings = {
				ALWAYS_SEARCH_USER_PATHS = NO;
				CLANG_ANALYZER_NONNULL = YES;
				CLANG_ANALYZER_NUMBER_OBJECT_CONVERSION = YES_AGGRESSIVE;
				CLANG_CXX_LANGUAGE_STANDARD = "gnu++14";
				CLANG_CXX_LIBRARY = "libc++";
				CLANG_ENABLE_MODULES = YES;
				CLANG_ENABLE_OBJC_ARC = YES;
				CLANG_ENABLE_OBJC_WEAK = YES;
				CLANG_WARN_BLOCK_CAPTURE_AUTORELEASING = YES;
				CLANG_WARN_BOOL_CONVERSION = YES;
				CLANG_WARN_COMMA = YES;
				CLANG_WARN_CONSTANT_CONVERSION = YES;
				CLANG_WARN_DEPRECATED_OBJC_IMPLEMENTATIONS = YES;
				CLANG_WARN_DIRECT_OBJC_ISA_USAGE = YES_ERROR;
				CLANG_WARN_DOCUMENTATION_COMMENTS = YES;
				CLANG_WARN_EMPTY_BODY = YES;
				CLANG_WARN_ENUM_CONVERSION = YES;
				CLANG_WARN_INFINITE_RECURSION = YES;
				CLANG_WARN_INT_CONVERSION = YES;
				CLANG_WARN_NON_LITERAL_NULL_CONVERSION = YES;
				CLANG_WARN_OBJC_IMPLICIT_RETAIN_SELF = YES;
				CLANG_WARN_OBJC_LITERAL_CONVERSION = YES;
				CLANG_WARN_OBJC_ROOT_CLASS = YES_ERROR;
				CLANG_WARN_RANGE_LOOP_ANALYSIS = YES;
				CLANG_WARN_STRICT_PROTOTYPES = YES;
				CLANG_WARN_SUSPICIOUS_MOVE = YES;
				CLANG_WARN_UNGUARDED_AVAILABILITY = YES_AGGRESSIVE;
				CLANG_WARN_UNREACHABLE_CODE = YES;
				CLANG_WARN__DUPLICATE_METHOD_MATCH = YES;
				CODE_SIGN_IDENTITY = "iPhone Developer";
				COPY_PHASE_STRIP = NO;
				DEBUG_INFORMATION_FORMAT = "dwarf-with-dsym";
				ENABLE_NS_ASSERTIONS = NO;
				ENABLE_STRICT_OBJC_MSGSEND = YES;
				GCC_C_LANGUAGE_STANDARD = gnu11;
				GCC_NO_COMMON_BLOCKS = YES;
				GCC_WARN_64_TO_32_BIT_CONVERSION = YES;
				GCC_WARN_ABOUT_RETURN_TYPE = YES_ERROR;
				GCC_WARN_UNDECLARED_SELECTOR = YES;
				GCC_WARN_UNINITIALIZED_AUTOS = YES_AGGRESSIVE;
				GCC_WARN_UNUSED_FUNCTION = YES;
				GCC_WARN_UNUSED_VARIABLE = YES;
				IPHONEOS_DEPLOYMENT_TARGET = 12.2;
				MTL_ENABLE_DEBUG_INFO = NO;
				MTL_FAST_MATH = YES;
				SDKROOT = iphoneos;
				SWIFT_COMPILATION_MODE = wholemodule;
				SWIFT_OPTIMIZATION_LEVEL = "-O";
				VALIDATE_PRODUCT = YES;
			};
			name = Release;
		};
		8DDBFB9E22560BC9009F7286 /* Debug */ = {
			isa = XCBuildConfiguration;
			baseConfigurationReference = 8A1F3841D49BE85F8A481E6C /* Pods-Giphity.debug.xcconfig */;
			buildSettings = {
				ASSETCATALOG_COMPILER_APPICON_NAME = AppIcon;
				CODE_SIGN_IDENTITY = "iPhone Developer";
				CODE_SIGN_STYLE = Automatic;
				DEVELOPMENT_TEAM = YDDE2DY87F;
				INFOPLIST_FILE = Giphity/Resources/Info.plist;
				IPHONEOS_DEPLOYMENT_TARGET = 12.1.4;
				LD_RUNPATH_SEARCH_PATHS = (
					"$(inherited)",
					"@executable_path/Frameworks",
				);
				PRODUCT_BUNDLE_IDENTIFIER = Halushka.Giphity;
				PRODUCT_NAME = "$(TARGET_NAME)";
				PROVISIONING_PROFILE_SPECIFIER = "";
				SWIFT_VERSION = 5.0;
				TARGETED_DEVICE_FAMILY = "1,2";
			};
			name = Debug;
		};
		8DDBFB9F22560BC9009F7286 /* Release */ = {
			isa = XCBuildConfiguration;
			baseConfigurationReference = D524A7D9CD259B0B4BF6F805 /* Pods-Giphity.release.xcconfig */;
			buildSettings = {
				ASSETCATALOG_COMPILER_APPICON_NAME = AppIcon;
				CODE_SIGN_IDENTITY = "iPhone Developer";
				CODE_SIGN_STYLE = Automatic;
				DEVELOPMENT_TEAM = YDDE2DY87F;
				INFOPLIST_FILE = Giphity/Resources/Info.plist;
				IPHONEOS_DEPLOYMENT_TARGET = 12.1.4;
				LD_RUNPATH_SEARCH_PATHS = (
					"$(inherited)",
					"@executable_path/Frameworks",
				);
				PRODUCT_BUNDLE_IDENTIFIER = Halushka.Giphity;
				PRODUCT_NAME = "$(TARGET_NAME)";
				PROVISIONING_PROFILE_SPECIFIER = "";
				SWIFT_VERSION = 5.0;
				TARGETED_DEVICE_FAMILY = "1,2";
			};
			name = Release;
		};
/* End XCBuildConfiguration section */

/* Begin XCConfigurationList section */
		8DDBFB8622560BC7009F7286 /* Build configuration list for PBXProject "Giphity" */ = {
			isa = XCConfigurationList;
			buildConfigurations = (
				8DDBFB9B22560BC9009F7286 /* Debug */,
				8DDBFB9C22560BC9009F7286 /* Release */,
			);
			defaultConfigurationIsVisible = 0;
			defaultConfigurationName = Release;
		};
		8DDBFB9D22560BC9009F7286 /* Build configuration list for PBXNativeTarget "Giphity" */ = {
			isa = XCConfigurationList;
			buildConfigurations = (
				8DDBFB9E22560BC9009F7286 /* Debug */,
				8DDBFB9F22560BC9009F7286 /* Release */,
			);
			defaultConfigurationIsVisible = 0;
			defaultConfigurationName = Release;
		};
/* End XCConfigurationList section */
	};
	rootObject = 8DDBFB8322560BC7009F7286 /* Project object */;
}
