// !$*UTF8*$!
{
	archiveVersion = 1;
	classes = {
	};
	objectVersion = 50;
	objects = {

/* Begin PBXBuildFile section */
		52547EA5395B0107D447F622 /* Pods_Giphity.framework in Frameworks */ = {isa = PBXBuildFile; fileRef = A5803908CFF37BC9C3D9867C /* Pods_Giphity.framework */; };
		8D003C4D2282D33500AAFAB0 /* SearchGIFsPaginationServiceType.swift in Sources */ = {isa = PBXBuildFile; fileRef = 8D003C4C2282D33500AAFAB0 /* SearchGIFsPaginationServiceType.swift */; };
		8D003C4F2282D33F00AAFAB0 /* SearchGIFsPaginationService.swift in Sources */ = {isa = PBXBuildFile; fileRef = 8D003C4E2282D33F00AAFAB0 /* SearchGIFsPaginationService.swift */; };
		8D08DB88225DD36C004959D8 /* CollectionViewDataSource.swift in Sources */ = {isa = PBXBuildFile; fileRef = 8D08DB87225DD36C004959D8 /* CollectionViewDataSource.swift */; };
		8D08DB8C225DDBD5004959D8 /* GiphySearchResponse.swift in Sources */ = {isa = PBXBuildFile; fileRef = 8D08DB8B225DDBD5004959D8 /* GiphySearchResponse.swift */; };
		8D08DB8F225DF10D004959D8 /* UIColor.swift in Sources */ = {isa = PBXBuildFile; fileRef = 8D08DB8E225DF10D004959D8 /* UIColor.swift */; };
		8D09203D225C83C8004D6F90 /* CollectionViewCellConfigurator.swift in Sources */ = {isa = PBXBuildFile; fileRef = 8D09203C225C83C8004D6F90 /* CollectionViewCellConfigurator.swift */; };
		8D0986BA228C61EC00C42F2A /* TrendingGIFsViewController.swift in Sources */ = {isa = PBXBuildFile; fileRef = 8D0986B9228C61EC00C42F2A /* TrendingGIFsViewController.swift */; };
		8D0986BC228C621C00C42F2A /* TrendingGIFsViewController.storyboard in Resources */ = {isa = PBXBuildFile; fileRef = 8D0986BB228C621C00C42F2A /* TrendingGIFsViewController.storyboard */; };
		8D0986BE228C62CE00C42F2A /* TrendingGIFsView.swift in Sources */ = {isa = PBXBuildFile; fileRef = 8D0986BD228C62CE00C42F2A /* TrendingGIFsView.swift */; };
		8D0BFE71227C209700DB695D /* HTTPRequestCommandType.swift in Sources */ = {isa = PBXBuildFile; fileRef = 8D0BFE70227C209700DB695D /* HTTPRequestCommandType.swift */; };
		8D0D6233226857B90011FF04 /* RandomGifService.swift in Sources */ = {isa = PBXBuildFile; fileRef = 8D0D6232226857B90011FF04 /* RandomGifService.swift */; };
		8D0D6235226858FF0011FF04 /* GifFetcherType.swift in Sources */ = {isa = PBXBuildFile; fileRef = 8D0D6234226858FF0011FF04 /* GifFetcherType.swift */; };
		8D0D6237226859AE0011FF04 /* GifDataEngineType.swift in Sources */ = {isa = PBXBuildFile; fileRef = 8D0D6236226859AE0011FF04 /* GifDataEngineType.swift */; };
		8D0D623B226874390011FF04 /* RandomGIFRequestPerformable.swift in Sources */ = {isa = PBXBuildFile; fileRef = 8D0D623A226874390011FF04 /* RandomGIFRequestPerformable.swift */; };
		8D0D623D22687A310011FF04 /* RandomGifServiceError.swift in Sources */ = {isa = PBXBuildFile; fileRef = 8D0D623C22687A310011FF04 /* RandomGifServiceError.swift */; };
		8D0D624122687E5E0011FF04 /* RandomGifServiceType.swift in Sources */ = {isa = PBXBuildFile; fileRef = 8D0D624022687E5E0011FF04 /* RandomGifServiceType.swift */; };
		8D0DBDA62272EEAF00908D4F /* SearchGIFsCollectionViewLayout.swift in Sources */ = {isa = PBXBuildFile; fileRef = 8D0DBDA52272EEAF00908D4F /* SearchGIFsCollectionViewLayout.swift */; };
		8D0DBDA92273561C00908D4F /* GifCacheType.swift in Sources */ = {isa = PBXBuildFile; fileRef = 8D0DBDA82273561C00908D4F /* GifCacheType.swift */; };
		8D0DBDAB2273585A00908D4F /* GifCache.swift in Sources */ = {isa = PBXBuildFile; fileRef = 8D0DBDAA2273585A00908D4F /* GifCache.swift */; };
		8D1AAF332271EBA700B0E078 /* GifPrefetchingService.swift in Sources */ = {isa = PBXBuildFile; fileRef = 8D1AAF322271EBA700B0E078 /* GifPrefetchingService.swift */; };
		8D1AAF352271EBB800B0E078 /* GifPrefetchingServiceType.swift in Sources */ = {isa = PBXBuildFile; fileRef = 8D1AAF342271EBB800B0E078 /* GifPrefetchingServiceType.swift */; };
		8D2ADE4F228EA541003C9B84 /* MVPModule.swift in Sources */ = {isa = PBXBuildFile; fileRef = 8D2ADE4E228EA541003C9B84 /* MVPModule.swift */; };
		8D2ADE55228EA9C4003C9B84 /* TrendingGIFsModule.swift in Sources */ = {isa = PBXBuildFile; fileRef = 8D2ADE54228EA9C4003C9B84 /* TrendingGIFsModule.swift */; };
		8D2ADE58228EBC02003C9B84 /* TrendingGIFsCollectionViewLayout.swift in Sources */ = {isa = PBXBuildFile; fileRef = 8D2ADE57228EBC02003C9B84 /* TrendingGIFsCollectionViewLayout.swift */; };
		8D2ADE60228EE6F3003C9B84 /* TrendingGIFCollectionViewCell.swift in Sources */ = {isa = PBXBuildFile; fileRef = 8D2ADE5E228EE6F3003C9B84 /* TrendingGIFCollectionViewCell.swift */; };
		8D2ADE61228EE6F3003C9B84 /* TrendingGIFCollectionViewCell.xib in Resources */ = {isa = PBXBuildFile; fileRef = 8D2ADE5F228EE6F3003C9B84 /* TrendingGIFCollectionViewCell.xib */; };
		8D32533C2269C26A00A0F090 /* ApplicationAssembler.swift in Sources */ = {isa = PBXBuildFile; fileRef = 8D32533B2269C26A00A0F090 /* ApplicationAssembler.swift */; };
		8D3253402269C30300A0F090 /* ApplicationAssemblerType.swift in Sources */ = {isa = PBXBuildFile; fileRef = 8D32533F2269C30300A0F090 /* ApplicationAssemblerType.swift */; };
		8D3253442269C8F900A0F090 /* AppCoordinatorType.swift in Sources */ = {isa = PBXBuildFile; fileRef = 8D3253432269C8F900A0F090 /* AppCoordinatorType.swift */; };
		8D3253462269C90200A0F090 /* AppCoordinator.swift in Sources */ = {isa = PBXBuildFile; fileRef = 8D3253452269C90200A0F090 /* AppCoordinator.swift */; };
		8D325348226A12E500A0F090 /* CoordinatorsFactory.swift in Sources */ = {isa = PBXBuildFile; fileRef = 8D325347226A12E500A0F090 /* CoordinatorsFactory.swift */; };
		8D32534B226A192500A0F090 /* CoordinatorsFactoryType.swift in Sources */ = {isa = PBXBuildFile; fileRef = 8D32534A226A192500A0F090 /* CoordinatorsFactoryType.swift */; };
		8D32534E226A1E6800A0F090 /* ChildCoordinatorsHoldable.swift in Sources */ = {isa = PBXBuildFile; fileRef = 8D32534D226A1E6800A0F090 /* ChildCoordinatorsHoldable.swift */; };
		8D325353226A234A00A0F090 /* RandomGifPresenter.swift in Sources */ = {isa = PBXBuildFile; fileRef = 8D325352226A234A00A0F090 /* RandomGifPresenter.swift */; };
		8D4087C72294013C00C895EB /* TrendingGIFCollectionViewCell+ViewModel.swift in Sources */ = {isa = PBXBuildFile; fileRef = 8D4087C62294013C00C895EB /* TrendingGIFCollectionViewCell+ViewModel.swift */; };
		8D410E40225B4B45001F5132 /* GifObject.swift in Sources */ = {isa = PBXBuildFile; fileRef = 8D410E3F225B4B45001F5132 /* GifObject.swift */; };
		8D410E46225B68DB001F5132 /* ImagesObject.swift in Sources */ = {isa = PBXBuildFile; fileRef = 8D410E45225B68DB001F5132 /* ImagesObject.swift */; };
		8D410E4D225B91F2001F5132 /* GiphyResponse.swift in Sources */ = {isa = PBXBuildFile; fileRef = 8D410E4C225B91F2001F5132 /* GiphyResponse.swift */; };
		8D410E4F225B9FE8001F5132 /* DataSource.swift in Sources */ = {isa = PBXBuildFile; fileRef = 8D410E4E225B9FE8001F5132 /* DataSource.swift */; };
		8D410E53225BA1E9001F5132 /* Section.swift in Sources */ = {isa = PBXBuildFile; fileRef = 8D410E52225BA1E9001F5132 /* Section.swift */; };
		8D42CFD02292A2C900835029 /* TrendingGIFsService.swift in Sources */ = {isa = PBXBuildFile; fileRef = 8D42CFCF2292A2C900835029 /* TrendingGIFsService.swift */; };
		8D42CFD22292A2E200835029 /* TrendingGIFsServiceType.swift in Sources */ = {isa = PBXBuildFile; fileRef = 8D42CFD12292A2E200835029 /* TrendingGIFsServiceType.swift */; };
		8D42CFD42292CA3200835029 /* SearchGIFsCollectionViewController.swift in Sources */ = {isa = PBXBuildFile; fileRef = 8D42CFD32292CA3200835029 /* SearchGIFsCollectionViewController.swift */; };
		8D42CFD72292D40900835029 /* SearchGIFsCollectionViewControllerDelegate.swift in Sources */ = {isa = PBXBuildFile; fileRef = 8D42CFD62292D40900835029 /* SearchGIFsCollectionViewControllerDelegate.swift */; };
		8D42CFDE2292E37B00835029 /* TrendingGIFsCollectionViewController.swift in Sources */ = {isa = PBXBuildFile; fileRef = 8D42CFDD2292E37B00835029 /* TrendingGIFsCollectionViewController.swift */; };
		8D42CFE02292E4C800835029 /* TrendingCollectionViewControllerDelegate.swift in Sources */ = {isa = PBXBuildFile; fileRef = 8D42CFDF2292E4C800835029 /* TrendingCollectionViewControllerDelegate.swift */; };
		8D625F95228BF15300D96079 /* TrendingGIFsRequestPerformable.swift in Sources */ = {isa = PBXBuildFile; fileRef = 8D625F94228BF15300D96079 /* TrendingGIFsRequestPerformable.swift */; };
		8D625F97228BF17100D96079 /* GiphyRequestManager+TrendingGIFs.swift in Sources */ = {isa = PBXBuildFile; fileRef = 8D625F96228BF17100D96079 /* GiphyRequestManager+TrendingGIFs.swift */; };
		8D625F9A228BF49D00D96079 /* GiphyPagination.swift in Sources */ = {isa = PBXBuildFile; fileRef = 8D625F99228BF49D00D96079 /* GiphyPagination.swift */; };
		8D625F9E228BF80700D96079 /* TrendingGIFsPresenter.swift in Sources */ = {isa = PBXBuildFile; fileRef = 8D625F9D228BF80700D96079 /* TrendingGIFsPresenter.swift */; };
		8D625FA0228BF85100D96079 /* TrendingGIFsViewPresenter.swift in Sources */ = {isa = PBXBuildFile; fileRef = 8D625F9F228BF85100D96079 /* TrendingGIFsViewPresenter.swift */; };
		8D625FA5228BFD3200D96079 /* GiphySearchResponseConvertorType.swift in Sources */ = {isa = PBXBuildFile; fileRef = 8D625FA4228BFD3200D96079 /* GiphySearchResponseConvertorType.swift */; };
		8D625FA7228C0C0800D96079 /* GiphySearchResponseConvertor.swift in Sources */ = {isa = PBXBuildFile; fileRef = 8D625FA6228C0C0800D96079 /* GiphySearchResponseConvertor.swift */; };
		8D6424672257A482001579F3 /* XibLoadable.swift in Sources */ = {isa = PBXBuildFile; fileRef = 8D6424662257A482001579F3 /* XibLoadable.swift */; };
		8D6F924522576AD100D43279 /* SearchGifsViewController.swift in Sources */ = {isa = PBXBuildFile; fileRef = 8D6F924322576AD100D43279 /* SearchGifsViewController.swift */; };
		8D6F924822576B0900D43279 /* SearchGifsViewController.storyboard in Resources */ = {isa = PBXBuildFile; fileRef = 8D6F924722576B0900D43279 /* SearchGifsViewController.storyboard */; };
		8D6F924C22576C3500D43279 /* GifCollectionViewCell.swift in Sources */ = {isa = PBXBuildFile; fileRef = 8D6F924A22576C3500D43279 /* GifCollectionViewCell.swift */; };
		8D6F924D22576C3500D43279 /* GifCollectionViewCell.xib in Resources */ = {isa = PBXBuildFile; fileRef = 8D6F924B22576C3500D43279 /* GifCollectionViewCell.xib */; };
		8D70772B2280723B00627564 /* GiphyRequestManager+RandomGIF.swift in Sources */ = {isa = PBXBuildFile; fileRef = 8D70772A2280723B00627564 /* GiphyRequestManager+RandomGIF.swift */; };
		8D70772D2280761B00627564 /* GiphyRequestManager+SearchGIFs.swift in Sources */ = {isa = PBXBuildFile; fileRef = 8D70772C2280761B00627564 /* GiphyRequestManager+SearchGIFs.swift */; };
		8D954DD8225CF1AD003A0195 /* GifCollectionViewCellViewModel.swift in Sources */ = {isa = PBXBuildFile; fileRef = 8D954DD7225CF1AD003A0195 /* GifCollectionViewCellViewModel.swift */; };
		8D954DDC225CF70C003A0195 /* GifFetcher.swift in Sources */ = {isa = PBXBuildFile; fileRef = 8D954DDB225CF70C003A0195 /* GifFetcher.swift */; };
		8D9A491B225B2E9600F0AFE8 /* FlowCoordinatorType.swift in Sources */ = {isa = PBXBuildFile; fileRef = 8D9A491A225B2E9600F0AFE8 /* FlowCoordinatorType.swift */; };
		8D9A491D225B2EC500F0AFE8 /* MainFlowCoordinator.swift in Sources */ = {isa = PBXBuildFile; fileRef = 8D9A491C225B2EC500F0AFE8 /* MainFlowCoordinator.swift */; };
		8DA0880B227095230042DC05 /* TimeSpentLogger.swift in Sources */ = {isa = PBXBuildFile; fileRef = 8DA0880A227095230042DC05 /* TimeSpentLogger.swift */; };
		8DAF8A92226771D4007E15A2 /* Resolver+SwiftResult.swift in Sources */ = {isa = PBXBuildFile; fileRef = 8DAF8A91226771D4007E15A2 /* Resolver+SwiftResult.swift */; };
		8DB9384D229C3A1A006F6D88 /* GIFDetailModule.swift in Sources */ = {isa = PBXBuildFile; fileRef = 8DB9384C229C3A1A006F6D88 /* GIFDetailModule.swift */; };
		8DB9384F229C3A49006F6D88 /* GIFDetailViewController.swift in Sources */ = {isa = PBXBuildFile; fileRef = 8DB9384E229C3A49006F6D88 /* GIFDetailViewController.swift */; };
		8DB93852229C3A5B006F6D88 /* GIFDetailViewController.storyboard in Resources */ = {isa = PBXBuildFile; fileRef = 8DB93851229C3A5B006F6D88 /* GIFDetailViewController.storyboard */; };
		8DB93855229C3ACC006F6D88 /* GIFDetailPresenter.swift in Sources */ = {isa = PBXBuildFile; fileRef = 8DB93854229C3ACC006F6D88 /* GIFDetailPresenter.swift */; };
		8DB93857229C3ADA006F6D88 /* GIFDetailViewPresenter.swift in Sources */ = {isa = PBXBuildFile; fileRef = 8DB93856229C3ADA006F6D88 /* GIFDetailViewPresenter.swift */; };
		8DB93859229C3AEC006F6D88 /* GIFDetailView.swift in Sources */ = {isa = PBXBuildFile; fileRef = 8DB93858229C3AEC006F6D88 /* GIFDetailView.swift */; };
		8DC6C418225642E600C2FAF2 /* GifDataEngine.swift in Sources */ = {isa = PBXBuildFile; fileRef = 8DC6C417225642E600C2FAF2 /* GifDataEngine.swift */; };
		8DDBFB8F22560BC7009F7286 /* AppDelegate.swift in Sources */ = {isa = PBXBuildFile; fileRef = 8DDBFB8E22560BC7009F7286 /* AppDelegate.swift */; };
		8DDBFB9122560BC7009F7286 /* RandomGifViewController.swift in Sources */ = {isa = PBXBuildFile; fileRef = 8DDBFB9022560BC7009F7286 /* RandomGifViewController.swift */; };
		8DDBFB9622560BC9009F7286 /* Assets.xcassets in Resources */ = {isa = PBXBuildFile; fileRef = 8DDBFB9522560BC9009F7286 /* Assets.xcassets */; };
		8DDBFB9922560BC9009F7286 /* LaunchScreen.storyboard in Resources */ = {isa = PBXBuildFile; fileRef = 8DDBFB9722560BC9009F7286 /* LaunchScreen.storyboard */; };
		8DDBFBA722561A6C009F7286 /* GiphyRequestManager.swift in Sources */ = {isa = PBXBuildFile; fileRef = 8DDBFBA622561A6C009F7286 /* GiphyRequestManager.swift */; };
		8DDBFBA922561F48009F7286 /* RandomGifViewController.storyboard in Resources */ = {isa = PBXBuildFile; fileRef = 8DDBFBA822561F48009F7286 /* RandomGifViewController.storyboard */; };
		8DDBFBAC22561F89009F7286 /* StoryboardLoadable.swift in Sources */ = {isa = PBXBuildFile; fileRef = 8DDBFBAB22561F89009F7286 /* StoryboardLoadable.swift */; };
		8DDBFBAE22561FBB009F7286 /* InterfaceBuilderIdentifiable.swift in Sources */ = {isa = PBXBuildFile; fileRef = 8DDBFBAD22561FBB009F7286 /* InterfaceBuilderIdentifiable.swift */; };
		8DDBFBB122562594009F7286 /* UIStoryboard+ViewControllerInstantiation.swift in Sources */ = {isa = PBXBuildFile; fileRef = 8DDBFBB022562594009F7286 /* UIStoryboard+ViewControllerInstantiation.swift */; };
		8DDCF24722968962002EAF98 /* PaginationController.swift in Sources */ = {isa = PBXBuildFile; fileRef = 8DDCF24622968962002EAF98 /* PaginationController.swift */; };
		8DDCF24B2296DD6A002EAF98 /* TrendingGIFsPaginationServiceType.swift in Sources */ = {isa = PBXBuildFile; fileRef = 8DDCF24A2296DD6A002EAF98 /* TrendingGIFsPaginationServiceType.swift */; };
		8DDCF24D2296DD78002EAF98 /* TrendingGIFsPaginationService.swift in Sources */ = {isa = PBXBuildFile; fileRef = 8DDCF24C2296DD78002EAF98 /* TrendingGIFsPaginationService.swift */; };
		8DE8D976229D33B000C96AC7 /* TrendingGIFsPresenterOutput.swift in Sources */ = {isa = PBXBuildFile; fileRef = 8DE8D975229D33B000C96AC7 /* TrendingGIFsPresenterOutput.swift */; };
		8DE8D978229D375C00C96AC7 /* TrendingGIFsModuleOutput.swift in Sources */ = {isa = PBXBuildFile; fileRef = 8DE8D977229D375C00C96AC7 /* TrendingGIFsModuleOutput.swift */; };
		8DF57042226DAB8700DFA9B3 /* RandomGifViewPresenter.swift in Sources */ = {isa = PBXBuildFile; fileRef = 8DF57041226DAB8700DFA9B3 /* RandomGifViewPresenter.swift */; };
		8DF57044226DB0A600DFA9B3 /* RandomGifView.swift in Sources */ = {isa = PBXBuildFile; fileRef = 8DF57043226DB0A600DFA9B3 /* RandomGifView.swift */; };
		8DF57046226DC00B00DFA9B3 /* ViewControllerModule.swift in Sources */ = {isa = PBXBuildFile; fileRef = 8DF57045226DC00B00DFA9B3 /* ViewControllerModule.swift */; };
		8DF57048226DC08100DFA9B3 /* RandomGifModule.swift in Sources */ = {isa = PBXBuildFile; fileRef = 8DF57047226DC08100DFA9B3 /* RandomGifModule.swift */; };
		8DF5704A226DC19100DFA9B3 /* MainFlowCoordinatorModulesAssembler.swift in Sources */ = {isa = PBXBuildFile; fileRef = 8DF57049226DC19100DFA9B3 /* MainFlowCoordinatorModulesAssembler.swift */; };
		8DF5704C226DC1A400DFA9B3 /* MainFlowCoordinatorModulesAssemblerType.swift in Sources */ = {isa = PBXBuildFile; fileRef = 8DF5704B226DC1A400DFA9B3 /* MainFlowCoordinatorModulesAssemblerType.swift */; };
		8DF57050226E08D100DFA9B3 /* SearchGifsPresenter.swift in Sources */ = {isa = PBXBuildFile; fileRef = 8DF5704F226E08D100DFA9B3 /* SearchGifsPresenter.swift */; };
		8DF57052226E08E500DFA9B3 /* SearchGifsViewPresenter.swift in Sources */ = {isa = PBXBuildFile; fileRef = 8DF57051226E08E500DFA9B3 /* SearchGifsViewPresenter.swift */; };
		8DF57054226E09A200DFA9B3 /* SearchGIFsRequestPerformable.swift in Sources */ = {isa = PBXBuildFile; fileRef = 8DF57053226E09A200DFA9B3 /* SearchGIFsRequestPerformable.swift */; };
		8DF57057226E0BEC00DFA9B3 /* SearchGIFsService.swift in Sources */ = {isa = PBXBuildFile; fileRef = 8DF57056226E0BEC00DFA9B3 /* SearchGIFsService.swift */; };
		8DF57059226E0BFD00DFA9B3 /* SearchGIFsServiceType.swift in Sources */ = {isa = PBXBuildFile; fileRef = 8DF57058226E0BFD00DFA9B3 /* SearchGIFsServiceType.swift */; };
		8DF5705C226E0DDE00DFA9B3 /* SearchGIFsView.swift in Sources */ = {isa = PBXBuildFile; fileRef = 8DF5705B226E0DDE00DFA9B3 /* SearchGIFsView.swift */; };
		8DF5705F226E195500DFA9B3 /* SearchGIFsModule.swift in Sources */ = {isa = PBXBuildFile; fileRef = 8DF5705E226E195500DFA9B3 /* SearchGIFsModule.swift */; };
		8DFCF4582268C0CF007327F6 /* GifFetcher+Error.swift in Sources */ = {isa = PBXBuildFile; fileRef = 8DFCF4572268C0CF007327F6 /* GifFetcher+Error.swift */; };
/* End PBXBuildFile section */

/* Begin PBXFileReference section */
		8A1F3841D49BE85F8A481E6C /* Pods-Giphity.debug.xcconfig */ = {isa = PBXFileReference; includeInIndex = 1; lastKnownFileType = text.xcconfig; name = "Pods-Giphity.debug.xcconfig"; path = "Target Support Files/Pods-Giphity/Pods-Giphity.debug.xcconfig"; sourceTree = "<group>"; };
		8D003C4C2282D33500AAFAB0 /* SearchGIFsPaginationServiceType.swift */ = {isa = PBXFileReference; lastKnownFileType = sourcecode.swift; path = SearchGIFsPaginationServiceType.swift; sourceTree = "<group>"; };
		8D003C4E2282D33F00AAFAB0 /* SearchGIFsPaginationService.swift */ = {isa = PBXFileReference; lastKnownFileType = sourcecode.swift; path = SearchGIFsPaginationService.swift; sourceTree = "<group>"; };
		8D08DB87225DD36C004959D8 /* CollectionViewDataSource.swift */ = {isa = PBXFileReference; lastKnownFileType = sourcecode.swift; path = CollectionViewDataSource.swift; sourceTree = "<group>"; };
		8D08DB8B225DDBD5004959D8 /* GiphySearchResponse.swift */ = {isa = PBXFileReference; lastKnownFileType = sourcecode.swift; path = GiphySearchResponse.swift; sourceTree = "<group>"; };
		8D08DB8E225DF10D004959D8 /* UIColor.swift */ = {isa = PBXFileReference; lastKnownFileType = sourcecode.swift; path = UIColor.swift; sourceTree = "<group>"; };
		8D09203C225C83C8004D6F90 /* CollectionViewCellConfigurator.swift */ = {isa = PBXFileReference; lastKnownFileType = sourcecode.swift; path = CollectionViewCellConfigurator.swift; sourceTree = "<group>"; };
		8D0986B9228C61EC00C42F2A /* TrendingGIFsViewController.swift */ = {isa = PBXFileReference; lastKnownFileType = sourcecode.swift; path = TrendingGIFsViewController.swift; sourceTree = "<group>"; };
		8D0986BB228C621C00C42F2A /* TrendingGIFsViewController.storyboard */ = {isa = PBXFileReference; lastKnownFileType = file.storyboard; path = TrendingGIFsViewController.storyboard; sourceTree = "<group>"; };
		8D0986BD228C62CE00C42F2A /* TrendingGIFsView.swift */ = {isa = PBXFileReference; lastKnownFileType = sourcecode.swift; path = TrendingGIFsView.swift; sourceTree = "<group>"; };
		8D0BFE70227C209700DB695D /* HTTPRequestCommandType.swift */ = {isa = PBXFileReference; lastKnownFileType = sourcecode.swift; path = HTTPRequestCommandType.swift; sourceTree = "<group>"; };
		8D0D6232226857B90011FF04 /* RandomGifService.swift */ = {isa = PBXFileReference; lastKnownFileType = sourcecode.swift; path = RandomGifService.swift; sourceTree = "<group>"; };
		8D0D6234226858FF0011FF04 /* GifFetcherType.swift */ = {isa = PBXFileReference; lastKnownFileType = sourcecode.swift; path = GifFetcherType.swift; sourceTree = "<group>"; };
		8D0D6236226859AE0011FF04 /* GifDataEngineType.swift */ = {isa = PBXFileReference; lastKnownFileType = sourcecode.swift; path = GifDataEngineType.swift; sourceTree = "<group>"; };
		8D0D623A226874390011FF04 /* RandomGIFRequestPerformable.swift */ = {isa = PBXFileReference; lastKnownFileType = sourcecode.swift; path = RandomGIFRequestPerformable.swift; sourceTree = "<group>"; };
		8D0D623C22687A310011FF04 /* RandomGifServiceError.swift */ = {isa = PBXFileReference; lastKnownFileType = sourcecode.swift; path = RandomGifServiceError.swift; sourceTree = "<group>"; };
		8D0D624022687E5E0011FF04 /* RandomGifServiceType.swift */ = {isa = PBXFileReference; lastKnownFileType = sourcecode.swift; path = RandomGifServiceType.swift; sourceTree = "<group>"; };
		8D0DBDA52272EEAF00908D4F /* SearchGIFsCollectionViewLayout.swift */ = {isa = PBXFileReference; lastKnownFileType = sourcecode.swift; path = SearchGIFsCollectionViewLayout.swift; sourceTree = "<group>"; };
		8D0DBDA82273561C00908D4F /* GifCacheType.swift */ = {isa = PBXFileReference; lastKnownFileType = sourcecode.swift; path = GifCacheType.swift; sourceTree = "<group>"; };
		8D0DBDAA2273585A00908D4F /* GifCache.swift */ = {isa = PBXFileReference; lastKnownFileType = sourcecode.swift; path = GifCache.swift; sourceTree = "<group>"; };
		8D1AAF322271EBA700B0E078 /* GifPrefetchingService.swift */ = {isa = PBXFileReference; lastKnownFileType = sourcecode.swift; path = GifPrefetchingService.swift; sourceTree = "<group>"; };
		8D1AAF342271EBB800B0E078 /* GifPrefetchingServiceType.swift */ = {isa = PBXFileReference; lastKnownFileType = sourcecode.swift; path = GifPrefetchingServiceType.swift; sourceTree = "<group>"; };
		8D2ADE4E228EA541003C9B84 /* MVPModule.swift */ = {isa = PBXFileReference; lastKnownFileType = sourcecode.swift; path = MVPModule.swift; sourceTree = "<group>"; };
		8D2ADE54228EA9C4003C9B84 /* TrendingGIFsModule.swift */ = {isa = PBXFileReference; lastKnownFileType = sourcecode.swift; path = TrendingGIFsModule.swift; sourceTree = "<group>"; };
		8D2ADE57228EBC02003C9B84 /* TrendingGIFsCollectionViewLayout.swift */ = {isa = PBXFileReference; lastKnownFileType = sourcecode.swift; path = TrendingGIFsCollectionViewLayout.swift; sourceTree = "<group>"; };
		8D2ADE5E228EE6F3003C9B84 /* TrendingGIFCollectionViewCell.swift */ = {isa = PBXFileReference; lastKnownFileType = sourcecode.swift; path = TrendingGIFCollectionViewCell.swift; sourceTree = "<group>"; };
		8D2ADE5F228EE6F3003C9B84 /* TrendingGIFCollectionViewCell.xib */ = {isa = PBXFileReference; lastKnownFileType = file.xib; path = TrendingGIFCollectionViewCell.xib; sourceTree = "<group>"; };
		8D32533B2269C26A00A0F090 /* ApplicationAssembler.swift */ = {isa = PBXFileReference; lastKnownFileType = sourcecode.swift; path = ApplicationAssembler.swift; sourceTree = "<group>"; };
		8D32533F2269C30300A0F090 /* ApplicationAssemblerType.swift */ = {isa = PBXFileReference; lastKnownFileType = sourcecode.swift; path = ApplicationAssemblerType.swift; sourceTree = "<group>"; };
		8D3253432269C8F900A0F090 /* AppCoordinatorType.swift */ = {isa = PBXFileReference; lastKnownFileType = sourcecode.swift; path = AppCoordinatorType.swift; sourceTree = "<group>"; };
		8D3253452269C90200A0F090 /* AppCoordinator.swift */ = {isa = PBXFileReference; lastKnownFileType = sourcecode.swift; path = AppCoordinator.swift; sourceTree = "<group>"; };
		8D325347226A12E500A0F090 /* CoordinatorsFactory.swift */ = {isa = PBXFileReference; lastKnownFileType = sourcecode.swift; path = CoordinatorsFactory.swift; sourceTree = "<group>"; };
		8D32534A226A192500A0F090 /* CoordinatorsFactoryType.swift */ = {isa = PBXFileReference; lastKnownFileType = sourcecode.swift; path = CoordinatorsFactoryType.swift; sourceTree = "<group>"; };
		8D32534D226A1E6800A0F090 /* ChildCoordinatorsHoldable.swift */ = {isa = PBXFileReference; lastKnownFileType = sourcecode.swift; path = ChildCoordinatorsHoldable.swift; sourceTree = "<group>"; };
		8D325352226A234A00A0F090 /* RandomGifPresenter.swift */ = {isa = PBXFileReference; lastKnownFileType = sourcecode.swift; path = RandomGifPresenter.swift; sourceTree = "<group>"; };
		8D4087C62294013C00C895EB /* TrendingGIFCollectionViewCell+ViewModel.swift */ = {isa = PBXFileReference; lastKnownFileType = sourcecode.swift; path = "TrendingGIFCollectionViewCell+ViewModel.swift"; sourceTree = "<group>"; };
		8D410E3F225B4B45001F5132 /* GifObject.swift */ = {isa = PBXFileReference; lastKnownFileType = sourcecode.swift; path = GifObject.swift; sourceTree = "<group>"; };
		8D410E45225B68DB001F5132 /* ImagesObject.swift */ = {isa = PBXFileReference; lastKnownFileType = sourcecode.swift; path = ImagesObject.swift; sourceTree = "<group>"; };
		8D410E4C225B91F2001F5132 /* GiphyResponse.swift */ = {isa = PBXFileReference; lastKnownFileType = sourcecode.swift; path = GiphyResponse.swift; sourceTree = "<group>"; };
		8D410E4E225B9FE8001F5132 /* DataSource.swift */ = {isa = PBXFileReference; lastKnownFileType = sourcecode.swift; path = DataSource.swift; sourceTree = "<group>"; };
		8D410E52225BA1E9001F5132 /* Section.swift */ = {isa = PBXFileReference; lastKnownFileType = sourcecode.swift; path = Section.swift; sourceTree = "<group>"; };
		8D42CFCF2292A2C900835029 /* TrendingGIFsService.swift */ = {isa = PBXFileReference; lastKnownFileType = sourcecode.swift; path = TrendingGIFsService.swift; sourceTree = "<group>"; };
		8D42CFD12292A2E200835029 /* TrendingGIFsServiceType.swift */ = {isa = PBXFileReference; lastKnownFileType = sourcecode.swift; path = TrendingGIFsServiceType.swift; sourceTree = "<group>"; };
		8D42CFD32292CA3200835029 /* SearchGIFsCollectionViewController.swift */ = {isa = PBXFileReference; lastKnownFileType = sourcecode.swift; path = SearchGIFsCollectionViewController.swift; sourceTree = "<group>"; };
		8D42CFD62292D40900835029 /* SearchGIFsCollectionViewControllerDelegate.swift */ = {isa = PBXFileReference; lastKnownFileType = sourcecode.swift; path = SearchGIFsCollectionViewControllerDelegate.swift; sourceTree = "<group>"; };
		8D42CFDD2292E37B00835029 /* TrendingGIFsCollectionViewController.swift */ = {isa = PBXFileReference; lastKnownFileType = sourcecode.swift; path = TrendingGIFsCollectionViewController.swift; sourceTree = "<group>"; };
		8D42CFDF2292E4C800835029 /* TrendingCollectionViewControllerDelegate.swift */ = {isa = PBXFileReference; lastKnownFileType = sourcecode.swift; path = TrendingCollectionViewControllerDelegate.swift; sourceTree = "<group>"; };
		8D625F94228BF15300D96079 /* TrendingGIFsRequestPerformable.swift */ = {isa = PBXFileReference; lastKnownFileType = sourcecode.swift; path = TrendingGIFsRequestPerformable.swift; sourceTree = "<group>"; };
		8D625F96228BF17100D96079 /* GiphyRequestManager+TrendingGIFs.swift */ = {isa = PBXFileReference; lastKnownFileType = sourcecode.swift; path = "GiphyRequestManager+TrendingGIFs.swift"; sourceTree = "<group>"; };
		8D625F99228BF49D00D96079 /* GiphyPagination.swift */ = {isa = PBXFileReference; lastKnownFileType = sourcecode.swift; path = GiphyPagination.swift; sourceTree = "<group>"; };
		8D625F9D228BF80700D96079 /* TrendingGIFsPresenter.swift */ = {isa = PBXFileReference; lastKnownFileType = sourcecode.swift; path = TrendingGIFsPresenter.swift; sourceTree = "<group>"; };
		8D625F9F228BF85100D96079 /* TrendingGIFsViewPresenter.swift */ = {isa = PBXFileReference; lastKnownFileType = sourcecode.swift; path = TrendingGIFsViewPresenter.swift; sourceTree = "<group>"; };
		8D625FA4228BFD3200D96079 /* GiphySearchResponseConvertorType.swift */ = {isa = PBXFileReference; lastKnownFileType = sourcecode.swift; path = GiphySearchResponseConvertorType.swift; sourceTree = "<group>"; };
		8D625FA6228C0C0800D96079 /* GiphySearchResponseConvertor.swift */ = {isa = PBXFileReference; lastKnownFileType = sourcecode.swift; path = GiphySearchResponseConvertor.swift; sourceTree = "<group>"; };
		8D6424662257A482001579F3 /* XibLoadable.swift */ = {isa = PBXFileReference; lastKnownFileType = sourcecode.swift; path = XibLoadable.swift; sourceTree = "<group>"; };
		8D6F924322576AD100D43279 /* SearchGifsViewController.swift */ = {isa = PBXFileReference; lastKnownFileType = sourcecode.swift; path = SearchGifsViewController.swift; sourceTree = "<group>"; };
		8D6F924722576B0900D43279 /* SearchGifsViewController.storyboard */ = {isa = PBXFileReference; lastKnownFileType = file.storyboard; path = SearchGifsViewController.storyboard; sourceTree = "<group>"; };
		8D6F924A22576C3500D43279 /* GifCollectionViewCell.swift */ = {isa = PBXFileReference; lastKnownFileType = sourcecode.swift; path = GifCollectionViewCell.swift; sourceTree = "<group>"; };
		8D6F924B22576C3500D43279 /* GifCollectionViewCell.xib */ = {isa = PBXFileReference; lastKnownFileType = file.xib; path = GifCollectionViewCell.xib; sourceTree = "<group>"; };
		8D70772A2280723B00627564 /* GiphyRequestManager+RandomGIF.swift */ = {isa = PBXFileReference; lastKnownFileType = sourcecode.swift; path = "GiphyRequestManager+RandomGIF.swift"; sourceTree = "<group>"; };
		8D70772C2280761B00627564 /* GiphyRequestManager+SearchGIFs.swift */ = {isa = PBXFileReference; lastKnownFileType = sourcecode.swift; path = "GiphyRequestManager+SearchGIFs.swift"; sourceTree = "<group>"; };
		8D954DD7225CF1AD003A0195 /* GifCollectionViewCellViewModel.swift */ = {isa = PBXFileReference; lastKnownFileType = sourcecode.swift; path = GifCollectionViewCellViewModel.swift; sourceTree = "<group>"; };
		8D954DDB225CF70C003A0195 /* GifFetcher.swift */ = {isa = PBXFileReference; lastKnownFileType = sourcecode.swift; path = GifFetcher.swift; sourceTree = "<group>"; };
		8D9A491A225B2E9600F0AFE8 /* FlowCoordinatorType.swift */ = {isa = PBXFileReference; lastKnownFileType = sourcecode.swift; path = FlowCoordinatorType.swift; sourceTree = "<group>"; };
		8D9A491C225B2EC500F0AFE8 /* MainFlowCoordinator.swift */ = {isa = PBXFileReference; lastKnownFileType = sourcecode.swift; path = MainFlowCoordinator.swift; sourceTree = "<group>"; };
		8DA0880A227095230042DC05 /* TimeSpentLogger.swift */ = {isa = PBXFileReference; lastKnownFileType = sourcecode.swift; path = TimeSpentLogger.swift; sourceTree = "<group>"; };
		8DAF8A91226771D4007E15A2 /* Resolver+SwiftResult.swift */ = {isa = PBXFileReference; lastKnownFileType = sourcecode.swift; path = "Resolver+SwiftResult.swift"; sourceTree = "<group>"; };
		8DB9384C229C3A1A006F6D88 /* GIFDetailModule.swift */ = {isa = PBXFileReference; lastKnownFileType = sourcecode.swift; path = GIFDetailModule.swift; sourceTree = "<group>"; };
		8DB9384E229C3A49006F6D88 /* GIFDetailViewController.swift */ = {isa = PBXFileReference; lastKnownFileType = sourcecode.swift; path = GIFDetailViewController.swift; sourceTree = "<group>"; };
		8DB93851229C3A5B006F6D88 /* GIFDetailViewController.storyboard */ = {isa = PBXFileReference; lastKnownFileType = file.storyboard; path = GIFDetailViewController.storyboard; sourceTree = "<group>"; };
		8DB93854229C3ACC006F6D88 /* GIFDetailPresenter.swift */ = {isa = PBXFileReference; lastKnownFileType = sourcecode.swift; path = GIFDetailPresenter.swift; sourceTree = "<group>"; };
		8DB93856229C3ADA006F6D88 /* GIFDetailViewPresenter.swift */ = {isa = PBXFileReference; lastKnownFileType = sourcecode.swift; path = GIFDetailViewPresenter.swift; sourceTree = "<group>"; };
		8DB93858229C3AEC006F6D88 /* GIFDetailView.swift */ = {isa = PBXFileReference; lastKnownFileType = sourcecode.swift; path = GIFDetailView.swift; sourceTree = "<group>"; };
		8DC6C417225642E600C2FAF2 /* GifDataEngine.swift */ = {isa = PBXFileReference; lastKnownFileType = sourcecode.swift; path = GifDataEngine.swift; sourceTree = "<group>"; };
		8DDBFB8B22560BC7009F7286 /* Giphity.app */ = {isa = PBXFileReference; explicitFileType = wrapper.application; includeInIndex = 0; path = Giphity.app; sourceTree = BUILT_PRODUCTS_DIR; };
		8DDBFB8E22560BC7009F7286 /* AppDelegate.swift */ = {isa = PBXFileReference; lastKnownFileType = sourcecode.swift; path = AppDelegate.swift; sourceTree = "<group>"; };
		8DDBFB9022560BC7009F7286 /* RandomGifViewController.swift */ = {isa = PBXFileReference; lastKnownFileType = sourcecode.swift; path = RandomGifViewController.swift; sourceTree = "<group>"; };
		8DDBFB9522560BC9009F7286 /* Assets.xcassets */ = {isa = PBXFileReference; lastKnownFileType = folder.assetcatalog; path = Assets.xcassets; sourceTree = "<group>"; };
		8DDBFB9822560BC9009F7286 /* Base */ = {isa = PBXFileReference; lastKnownFileType = file.storyboard; name = Base; path = Base.lproj/LaunchScreen.storyboard; sourceTree = "<group>"; };
		8DDBFB9A22560BC9009F7286 /* Info.plist */ = {isa = PBXFileReference; lastKnownFileType = text.plist.xml; path = Info.plist; sourceTree = "<group>"; };
		8DDBFBA622561A6C009F7286 /* GiphyRequestManager.swift */ = {isa = PBXFileReference; lastKnownFileType = sourcecode.swift; path = GiphyRequestManager.swift; sourceTree = "<group>"; };
		8DDBFBA822561F48009F7286 /* RandomGifViewController.storyboard */ = {isa = PBXFileReference; lastKnownFileType = file.storyboard; path = RandomGifViewController.storyboard; sourceTree = "<group>"; };
		8DDBFBAB22561F89009F7286 /* StoryboardLoadable.swift */ = {isa = PBXFileReference; lastKnownFileType = sourcecode.swift; path = StoryboardLoadable.swift; sourceTree = "<group>"; };
		8DDBFBAD22561FBB009F7286 /* InterfaceBuilderIdentifiable.swift */ = {isa = PBXFileReference; lastKnownFileType = sourcecode.swift; path = InterfaceBuilderIdentifiable.swift; sourceTree = "<group>"; };
		8DDBFBB022562594009F7286 /* UIStoryboard+ViewControllerInstantiation.swift */ = {isa = PBXFileReference; lastKnownFileType = sourcecode.swift; path = "UIStoryboard+ViewControllerInstantiation.swift"; sourceTree = "<group>"; };
		8DDCF24622968962002EAF98 /* PaginationController.swift */ = {isa = PBXFileReference; lastKnownFileType = sourcecode.swift; path = PaginationController.swift; sourceTree = "<group>"; };
		8DDCF24A2296DD6A002EAF98 /* TrendingGIFsPaginationServiceType.swift */ = {isa = PBXFileReference; lastKnownFileType = sourcecode.swift; path = TrendingGIFsPaginationServiceType.swift; sourceTree = "<group>"; };
		8DDCF24C2296DD78002EAF98 /* TrendingGIFsPaginationService.swift */ = {isa = PBXFileReference; lastKnownFileType = sourcecode.swift; path = TrendingGIFsPaginationService.swift; sourceTree = "<group>"; };
		8DE8D975229D33B000C96AC7 /* TrendingGIFsPresenterOutput.swift */ = {isa = PBXFileReference; lastKnownFileType = sourcecode.swift; path = TrendingGIFsPresenterOutput.swift; sourceTree = "<group>"; };
		8DE8D977229D375C00C96AC7 /* TrendingGIFsModuleOutput.swift */ = {isa = PBXFileReference; lastKnownFileType = sourcecode.swift; path = TrendingGIFsModuleOutput.swift; sourceTree = "<group>"; };
		8DF57041226DAB8700DFA9B3 /* RandomGifViewPresenter.swift */ = {isa = PBXFileReference; lastKnownFileType = sourcecode.swift; path = RandomGifViewPresenter.swift; sourceTree = "<group>"; };
		8DF57043226DB0A600DFA9B3 /* RandomGifView.swift */ = {isa = PBXFileReference; lastKnownFileType = sourcecode.swift; path = RandomGifView.swift; sourceTree = "<group>"; };
		8DF57045226DC00B00DFA9B3 /* ViewControllerModule.swift */ = {isa = PBXFileReference; lastKnownFileType = sourcecode.swift; path = ViewControllerModule.swift; sourceTree = "<group>"; };
		8DF57047226DC08100DFA9B3 /* RandomGifModule.swift */ = {isa = PBXFileReference; lastKnownFileType = sourcecode.swift; path = RandomGifModule.swift; sourceTree = "<group>"; };
		8DF57049226DC19100DFA9B3 /* MainFlowCoordinatorModulesAssembler.swift */ = {isa = PBXFileReference; lastKnownFileType = sourcecode.swift; path = MainFlowCoordinatorModulesAssembler.swift; sourceTree = "<group>"; };
		8DF5704B226DC1A400DFA9B3 /* MainFlowCoordinatorModulesAssemblerType.swift */ = {isa = PBXFileReference; lastKnownFileType = sourcecode.swift; path = MainFlowCoordinatorModulesAssemblerType.swift; sourceTree = "<group>"; };
		8DF5704F226E08D100DFA9B3 /* SearchGifsPresenter.swift */ = {isa = PBXFileReference; lastKnownFileType = sourcecode.swift; path = SearchGifsPresenter.swift; sourceTree = "<group>"; };
		8DF57051226E08E500DFA9B3 /* SearchGifsViewPresenter.swift */ = {isa = PBXFileReference; lastKnownFileType = sourcecode.swift; path = SearchGifsViewPresenter.swift; sourceTree = "<group>"; };
		8DF57053226E09A200DFA9B3 /* SearchGIFsRequestPerformable.swift */ = {isa = PBXFileReference; lastKnownFileType = sourcecode.swift; path = SearchGIFsRequestPerformable.swift; sourceTree = "<group>"; };
		8DF57056226E0BEC00DFA9B3 /* SearchGIFsService.swift */ = {isa = PBXFileReference; lastKnownFileType = sourcecode.swift; path = SearchGIFsService.swift; sourceTree = "<group>"; };
		8DF57058226E0BFD00DFA9B3 /* SearchGIFsServiceType.swift */ = {isa = PBXFileReference; lastKnownFileType = sourcecode.swift; path = SearchGIFsServiceType.swift; sourceTree = "<group>"; };
		8DF5705B226E0DDE00DFA9B3 /* SearchGIFsView.swift */ = {isa = PBXFileReference; lastKnownFileType = sourcecode.swift; path = SearchGIFsView.swift; sourceTree = "<group>"; };
		8DF5705E226E195500DFA9B3 /* SearchGIFsModule.swift */ = {isa = PBXFileReference; lastKnownFileType = sourcecode.swift; path = SearchGIFsModule.swift; sourceTree = "<group>"; };
		8DFCF4572268C0CF007327F6 /* GifFetcher+Error.swift */ = {isa = PBXFileReference; lastKnownFileType = sourcecode.swift; path = "GifFetcher+Error.swift"; sourceTree = "<group>"; };
		A5803908CFF37BC9C3D9867C /* Pods_Giphity.framework */ = {isa = PBXFileReference; explicitFileType = wrapper.framework; includeInIndex = 0; path = Pods_Giphity.framework; sourceTree = BUILT_PRODUCTS_DIR; };
		D524A7D9CD259B0B4BF6F805 /* Pods-Giphity.release.xcconfig */ = {isa = PBXFileReference; includeInIndex = 1; lastKnownFileType = text.xcconfig; name = "Pods-Giphity.release.xcconfig"; path = "Target Support Files/Pods-Giphity/Pods-Giphity.release.xcconfig"; sourceTree = "<group>"; };
/* End PBXFileReference section */

/* Begin PBXFrameworksBuildPhase section */
		8DDBFB8822560BC7009F7286 /* Frameworks */ = {
			isa = PBXFrameworksBuildPhase;
			buildActionMask = 2147483647;
			files = (
				52547EA5395B0107D447F622 /* Pods_Giphity.framework in Frameworks */,
			);
			runOnlyForDeploymentPostprocessing = 0;
		};
/* End PBXFrameworksBuildPhase section */

/* Begin PBXGroup section */
		8D003C4B2282D31200AAFAB0 /* SearchGIFsPaginationService */ = {
			isa = PBXGroup;
			children = (
				8D003C4C2282D33500AAFAB0 /* SearchGIFsPaginationServiceType.swift */,
				8D003C4E2282D33F00AAFAB0 /* SearchGIFsPaginationService.swift */,
			);
			path = SearchGIFsPaginationService;
			sourceTree = "<group>";
		};
		8D08DB85225DD349004959D8 /* CollectionViewDataSource */ = {
			isa = PBXGroup;
			children = (
				8D08DB87225DD36C004959D8 /* CollectionViewDataSource.swift */,
			);
			path = CollectionViewDataSource;
			sourceTree = "<group>";
		};
		8D08DB86225DD357004959D8 /* CollectionView */ = {
			isa = PBXGroup;
			children = (
				8D08DB85225DD349004959D8 /* CollectionViewDataSource */,
				8D09203B225C83B6004D6F90 /* CollectionViewConfigurator */,
			);
			path = CollectionView;
			sourceTree = "<group>";
		};
		8D08DB8D225DDBE2004959D8 /* GiphySearchResponse */ = {
			isa = PBXGroup;
			children = (
				8D08DB8B225DDBD5004959D8 /* GiphySearchResponse.swift */,
			);
			path = GiphySearchResponse;
			sourceTree = "<group>";
		};
		8D09203B225C83B6004D6F90 /* CollectionViewConfigurator */ = {
			isa = PBXGroup;
			children = (
				8D09203C225C83C8004D6F90 /* CollectionViewCellConfigurator.swift */,
			);
			path = CollectionViewConfigurator;
			sourceTree = "<group>";
		};
		8D0986B8228C61BC00C42F2A /* View */ = {
			isa = PBXGroup;
			children = (
				8D2ADE56228EBBE7003C9B84 /* CollectionView */,
				8D0986BD228C62CE00C42F2A /* TrendingGIFsView.swift */,
				8D0986B9228C61EC00C42F2A /* TrendingGIFsViewController.swift */,
				8D0986BB228C621C00C42F2A /* TrendingGIFsViewController.storyboard */,
			);
			path = View;
			sourceTree = "<group>";
		};
		8D0D62312268578A0011FF04 /* Services */ = {
			isa = PBXGroup;
			children = (
				8D42CFCE2292A2AF00835029 /* TrandingGIFService */,
				8D1AAF312271EB8E00B0E078 /* GifFetchingService */,
				8DF57055226E0BD800DFA9B3 /* SearchGIFsService */,
				8D003C4B2282D31200AAFAB0 /* SearchGIFsPaginationService */,
				8DDCF2492296DB00002EAF98 /* TrendingGIFsPaginationService */,
				8D0D624222687E720011FF04 /* RandomGifService */,
			);
			path = Services;
			sourceTree = "<group>";
		};
		8D0D624222687E720011FF04 /* RandomGifService */ = {
			isa = PBXGroup;
			children = (
				8D0D624022687E5E0011FF04 /* RandomGifServiceType.swift */,
				8D0D6232226857B90011FF04 /* RandomGifService.swift */,
				8D0D623C22687A310011FF04 /* RandomGifServiceError.swift */,
			);
			path = RandomGifService;
			sourceTree = "<group>";
		};
		8D0DBDA42272EE5700908D4F /* CollectionView */ = {
			isa = PBXGroup;
			children = (
				8D42CFD52292CE9200835029 /* Controller */,
				8D42CFD82292D69500835029 /* Layout */,
				8D42CFD92292D6A600835029 /* Cells */,
			);
			path = CollectionView;
			sourceTree = "<group>";
		};
		8D0DBDA72273560300908D4F /* GifCache */ = {
			isa = PBXGroup;
			children = (
				8D0DBDA82273561C00908D4F /* GifCacheType.swift */,
				8D0DBDAA2273585A00908D4F /* GifCache.swift */,
			);
			path = GifCache;
			sourceTree = "<group>";
		};
		8D1AAF312271EB8E00B0E078 /* GifFetchingService */ = {
			isa = PBXGroup;
			children = (
				8D1AAF322271EBA700B0E078 /* GifPrefetchingService.swift */,
				8D1AAF342271EBB800B0E078 /* GifPrefetchingServiceType.swift */,
			);
			path = GifFetchingService;
			sourceTree = "<group>";
		};
		8D2ADE56228EBBE7003C9B84 /* CollectionView */ = {
			isa = PBXGroup;
			children = (
				8D42CFDC2292E36400835029 /* Controller */,
				8D42CFDA2292DF5C00835029 /* Layout */,
				8D2ADE59228EE626003C9B84 /* Cells */,
			);
			path = CollectionView;
			sourceTree = "<group>";
		};
		8D2ADE59228EE626003C9B84 /* Cells */ = {
			isa = PBXGroup;
			children = (
				8D4087C62294013C00C895EB /* TrendingGIFCollectionViewCell+ViewModel.swift */,
				8D2ADE5E228EE6F3003C9B84 /* TrendingGIFCollectionViewCell.swift */,
				8D2ADE5F228EE6F3003C9B84 /* TrendingGIFCollectionViewCell.xib */,
			);
			path = Cells;
			sourceTree = "<group>";
		};
		8D32533D2269C2D900A0F090 /* Assemblers */ = {
			isa = PBXGroup;
			children = (
				8D32533E2269C2EE00A0F090 /* ApplicationAssembler */,
			);
			path = Assemblers;
			sourceTree = "<group>";
		};
		8D32533E2269C2EE00A0F090 /* ApplicationAssembler */ = {
			isa = PBXGroup;
			children = (
				8D32533B2269C26A00A0F090 /* ApplicationAssembler.swift */,
				8D32533F2269C30300A0F090 /* ApplicationAssemblerType.swift */,
			);
			path = ApplicationAssembler;
			sourceTree = "<group>";
		};
		8D3253412269C8A600A0F090 /* ApplicationCoordinator */ = {
			isa = PBXGroup;
			children = (
				8D3253432269C8F900A0F090 /* AppCoordinatorType.swift */,
				8D3253452269C90200A0F090 /* AppCoordinator.swift */,
			);
			path = ApplicationCoordinator;
			sourceTree = "<group>";
		};
		8D3253422269C8C100A0F090 /* Coordinators */ = {
			isa = PBXGroup;
			children = (
				8D9A491A225B2E9600F0AFE8 /* FlowCoordinatorType.swift */,
				8D9A4919225B2E4500F0AFE8 /* MainFlowCoordinator */,
				8D32534C226A192B00A0F090 /* Factory */,
			);
			path = Coordinators;
			sourceTree = "<group>";
		};
		8D32534C226A192B00A0F090 /* Factory */ = {
			isa = PBXGroup;
			children = (
				8D32534A226A192500A0F090 /* CoordinatorsFactoryType.swift */,
				8D325347226A12E500A0F090 /* CoordinatorsFactory.swift */,
			);
			path = Factory;
			sourceTree = "<group>";
		};
		8D325350226A1FCD00A0F090 /* Presenter */ = {
			isa = PBXGroup;
			children = (
				8D325352226A234A00A0F090 /* RandomGifPresenter.swift */,
				8DF57041226DAB8700DFA9B3 /* RandomGifViewPresenter.swift */,
			);
			path = Presenter;
			sourceTree = "<group>";
		};
		8D325351226A1FD900A0F090 /* View */ = {
			isa = PBXGroup;
			children = (
				8DF57043226DB0A600DFA9B3 /* RandomGifView.swift */,
				8DDBFB9022560BC7009F7286 /* RandomGifViewController.swift */,
				8DDBFBA822561F48009F7286 /* RandomGifViewController.storyboard */,
			);
			path = View;
			sourceTree = "<group>";
		};
		8D410E3C225B4B10001F5132 /* Models */ = {
			isa = PBXGroup;
			children = (
				8D410E3D225B4B18001F5132 /* Giphy */,
			);
			path = Models;
			sourceTree = "<group>";
		};
		8D410E3D225B4B18001F5132 /* Giphy */ = {
			isa = PBXGroup;
			children = (
				8D625FA2228BFCC000D96079 /* GiphySearchResponseConvertor */,
				8D625F98228BF48100D96079 /* GiphyPagination */,
				8D08DB8D225DDBE2004959D8 /* GiphySearchResponse */,
				8D410E4B225B91CC001F5132 /* GiphyResponse */,
				8D410E44225B6893001F5132 /* ImagesObject */,
				8D410E3E225B4B34001F5132 /* GifObject */,
			);
			path = Giphy;
			sourceTree = "<group>";
		};
		8D410E3E225B4B34001F5132 /* GifObject */ = {
			isa = PBXGroup;
			children = (
				8D410E3F225B4B45001F5132 /* GifObject.swift */,
			);
			path = GifObject;
			sourceTree = "<group>";
		};
		8D410E44225B6893001F5132 /* ImagesObject */ = {
			isa = PBXGroup;
			children = (
				8D410E45225B68DB001F5132 /* ImagesObject.swift */,
			);
			path = ImagesObject;
			sourceTree = "<group>";
		};
		8D410E4B225B91CC001F5132 /* GiphyResponse */ = {
			isa = PBXGroup;
			children = (
				8D410E4C225B91F2001F5132 /* GiphyResponse.swift */,
			);
			path = GiphyResponse;
			sourceTree = "<group>";
		};
		8D410E51225BA1D0001F5132 /* DataSource */ = {
			isa = PBXGroup;
			children = (
				8D410E4E225B9FE8001F5132 /* DataSource.swift */,
				8D410E52225BA1E9001F5132 /* Section.swift */,
			);
			path = DataSource;
			sourceTree = "<group>";
		};
		8D410E54225BA2C0001F5132 /* Utility */ = {
			isa = PBXGroup;
			children = (
				8DDCF2482296A17F002EAF98 /* PaginationController */,
				8DA08809227095060042DC05 /* TimeSpentLogger */,
				8D08DB86225DD357004959D8 /* CollectionView */,
				8D410E51225BA1D0001F5132 /* DataSource */,
			);
			path = Utility;
			sourceTree = "<group>";
		};
		8D42CFCE2292A2AF00835029 /* TrandingGIFService */ = {
			isa = PBXGroup;
			children = (
				8D42CFCF2292A2C900835029 /* TrendingGIFsService.swift */,
				8D42CFD12292A2E200835029 /* TrendingGIFsServiceType.swift */,
			);
			path = TrandingGIFService;
			sourceTree = "<group>";
		};
		8D42CFD52292CE9200835029 /* Controller */ = {
			isa = PBXGroup;
			children = (
				8D42CFD32292CA3200835029 /* SearchGIFsCollectionViewController.swift */,
				8D42CFD62292D40900835029 /* SearchGIFsCollectionViewControllerDelegate.swift */,
			);
			path = Controller;
			sourceTree = "<group>";
		};
		8D42CFD82292D69500835029 /* Layout */ = {
			isa = PBXGroup;
			children = (
				8D0DBDA52272EEAF00908D4F /* SearchGIFsCollectionViewLayout.swift */,
			);
			path = Layout;
			sourceTree = "<group>";
		};
		8D42CFD92292D6A600835029 /* Cells */ = {
			isa = PBXGroup;
			children = (
				8D6F924922576BF000D43279 /* GifCollectionViewCell */,
			);
			path = Cells;
			sourceTree = "<group>";
		};
		8D42CFDA2292DF5C00835029 /* Layout */ = {
			isa = PBXGroup;
			children = (
				8D2ADE57228EBC02003C9B84 /* TrendingGIFsCollectionViewLayout.swift */,
			);
			path = Layout;
			sourceTree = "<group>";
		};
		8D42CFDC2292E36400835029 /* Controller */ = {
			isa = PBXGroup;
			children = (
				8D42CFDF2292E4C800835029 /* TrendingCollectionViewControllerDelegate.swift */,
				8D42CFDD2292E37B00835029 /* TrendingGIFsCollectionViewController.swift */,
			);
			path = Controller;
			sourceTree = "<group>";
		};
		8D625F93228BF12100D96079 /* GIFsTrending */ = {
			isa = PBXGroup;
			children = (
				8D625F94228BF15300D96079 /* TrendingGIFsRequestPerformable.swift */,
				8D625F96228BF17100D96079 /* GiphyRequestManager+TrendingGIFs.swift */,
			);
			path = GIFsTrending;
			sourceTree = "<group>";
		};
		8D625F98228BF48100D96079 /* GiphyPagination */ = {
			isa = PBXGroup;
			children = (
				8D625F99228BF49D00D96079 /* GiphyPagination.swift */,
			);
			path = GiphyPagination;
			sourceTree = "<group>";
		};
		8D625F9B228BF7BF00D96079 /* TrendingGIFs */ = {
			isa = PBXGroup;
			children = (
				8D2ADE54228EA9C4003C9B84 /* TrendingGIFsModule.swift */,
				8DE8D977229D375C00C96AC7 /* TrendingGIFsModuleOutput.swift */,
				8D625F9C228BF7F700D96079 /* Presenter */,
				8D0986B8228C61BC00C42F2A /* View */,
			);
			path = TrendingGIFs;
			sourceTree = "<group>";
		};
		8D625F9C228BF7F700D96079 /* Presenter */ = {
			isa = PBXGroup;
			children = (
				8D625F9D228BF80700D96079 /* TrendingGIFsPresenter.swift */,
				8D625F9F228BF85100D96079 /* TrendingGIFsViewPresenter.swift */,
				8DE8D975229D33B000C96AC7 /* TrendingGIFsPresenterOutput.swift */,
			);
			path = Presenter;
			sourceTree = "<group>";
		};
		8D625FA2228BFCC000D96079 /* GiphySearchResponseConvertor */ = {
			isa = PBXGroup;
			children = (
				8D625FA4228BFD3200D96079 /* GiphySearchResponseConvertorType.swift */,
				8D625FA6228C0C0800D96079 /* GiphySearchResponseConvertor.swift */,
			);
			path = GiphySearchResponseConvertor;
			sourceTree = "<group>";
		};
		8D6F924222576AAF00D43279 /* SearchGifs */ = {
			isa = PBXGroup;
			children = (
				8DF5705E226E195500DFA9B3 /* SearchGIFsModule.swift */,
				8DF5704E226E08A400DFA9B3 /* Presenter */,
				8DF5705A226E0DAF00DFA9B3 /* View */,
			);
			path = SearchGifs;
			sourceTree = "<group>";
		};
		8D6F924922576BF000D43279 /* GifCollectionViewCell */ = {
			isa = PBXGroup;
			children = (
				8D6F924A22576C3500D43279 /* GifCollectionViewCell.swift */,
				8D954DD7225CF1AD003A0195 /* GifCollectionViewCellViewModel.swift */,
				8D6F924B22576C3500D43279 /* GifCollectionViewCell.xib */,
			);
			path = GifCollectionViewCell;
			sourceTree = "<group>";
		};
		8D70772F2280788500627564 /* API */ = {
			isa = PBXGroup;
			children = (
				8D625F93228BF12100D96079 /* GIFsTrending */,
				8D707731228078AC00627564 /* GIFsSearch */,
				8D7077302280789500627564 /* GIFsRandom */,
			);
			path = API;
			sourceTree = "<group>";
		};
		8D7077302280789500627564 /* GIFsRandom */ = {
			isa = PBXGroup;
			children = (
				8D70772A2280723B00627564 /* GiphyRequestManager+RandomGIF.swift */,
				8D0D623A226874390011FF04 /* RandomGIFRequestPerformable.swift */,
			);
			path = GIFsRandom;
			sourceTree = "<group>";
		};
		8D707731228078AC00627564 /* GIFsSearch */ = {
			isa = PBXGroup;
			children = (
				8D70772C2280761B00627564 /* GiphyRequestManager+SearchGIFs.swift */,
				8DF57053226E09A200DFA9B3 /* SearchGIFsRequestPerformable.swift */,
			);
			path = GIFsSearch;
			sourceTree = "<group>";
		};
		8D954DDA225CF6FE003A0195 /* GifFetcher */ = {
			isa = PBXGroup;
			children = (
				8D954DDB225CF70C003A0195 /* GifFetcher.swift */,
				8D0D6234226858FF0011FF04 /* GifFetcherType.swift */,
				8DFCF4572268C0CF007327F6 /* GifFetcher+Error.swift */,
			);
			path = GifFetcher;
			sourceTree = "<group>";
		};
		8D9A4919225B2E4500F0AFE8 /* MainFlowCoordinator */ = {
			isa = PBXGroup;
			children = (
				8D9A491C225B2EC500F0AFE8 /* MainFlowCoordinator.swift */,
				8DF57049226DC19100DFA9B3 /* MainFlowCoordinatorModulesAssembler.swift */,
				8DF5704B226DC1A400DFA9B3 /* MainFlowCoordinatorModulesAssemblerType.swift */,
			);
			path = MainFlowCoordinator;
			sourceTree = "<group>";
		};
		8DA08809227095060042DC05 /* TimeSpentLogger */ = {
			isa = PBXGroup;
			children = (
				8DA0880A227095230042DC05 /* TimeSpentLogger.swift */,
			);
			path = TimeSpentLogger;
			sourceTree = "<group>";
		};
		8DB9384B229C39DB006F6D88 /* GIFDetail */ = {
			isa = PBXGroup;
			children = (
				8DB9384C229C3A1A006F6D88 /* GIFDetailModule.swift */,
				8DB93853229C3AB0006F6D88 /* Presenter */,
				8DB93850229C3A4C006F6D88 /* View */,
			);
			path = GIFDetail;
			sourceTree = "<group>";
		};
		8DB93850229C3A4C006F6D88 /* View */ = {
			isa = PBXGroup;
			children = (
				8DB93858229C3AEC006F6D88 /* GIFDetailView.swift */,
				8DB9384E229C3A49006F6D88 /* GIFDetailViewController.swift */,
				8DB93851229C3A5B006F6D88 /* GIFDetailViewController.storyboard */,
			);
			path = View;
			sourceTree = "<group>";
		};
		8DB93853229C3AB0006F6D88 /* Presenter */ = {
			isa = PBXGroup;
			children = (
				8DB93854229C3ACC006F6D88 /* GIFDetailPresenter.swift */,
				8DB93856229C3ADA006F6D88 /* GIFDetailViewPresenter.swift */,
			);
			path = Presenter;
			sourceTree = "<group>";
		};
		8DC6C416225642CD00C2FAF2 /* GifDataEngine */ = {
			isa = PBXGroup;
			children = (
				8DC6C417225642E600C2FAF2 /* GifDataEngine.swift */,
				8D0D6236226859AE0011FF04 /* GifDataEngineType.swift */,
			);
			path = GifDataEngine;
			sourceTree = "<group>";
		};
		8DDBFB8222560BC7009F7286 = {
			isa = PBXGroup;
			children = (
				8DDBFB8D22560BC7009F7286 /* Giphity */,
				8DDBFB8C22560BC7009F7286 /* Products */,
				9FD3F905CE40CA5B0DBD1C4F /* Pods */,
				BC1297B2CDE4ED2C22F379B5 /* Frameworks */,
			);
			sourceTree = "<group>";
		};
		8DDBFB8C22560BC7009F7286 /* Products */ = {
			isa = PBXGroup;
			children = (
				8DDBFB8B22560BC7009F7286 /* Giphity.app */,
			);
			name = Products;
			sourceTree = "<group>";
		};
		8DDBFB8D22560BC7009F7286 /* Giphity */ = {
			isa = PBXGroup;
			children = (
				8DDBFBA1225614AF009F7286 /* Main */,
				8D410E3C225B4B10001F5132 /* Models */,
				8DDBFBAF22562524009F7286 /* Extensions */,
				8DDBFBAA22561F70009F7286 /* Protocols */,
				8DDBFBA422561A32009F7286 /* CoreServices */,
				8D0D62312268578A0011FF04 /* Services */,
				8DDBFBA2225614B8009F7286 /* Screens */,
				8DDBFBA022560BF4009F7286 /* Resources */,
				8D410E54225BA2C0001F5132 /* Utility */,
			);
			path = Giphity;
			sourceTree = "<group>";
		};
		8DDBFBA022560BF4009F7286 /* Resources */ = {
			isa = PBXGroup;
			children = (
				8DDBFB9522560BC9009F7286 /* Assets.xcassets */,
				8DDBFB9722560BC9009F7286 /* LaunchScreen.storyboard */,
				8DDBFB9A22560BC9009F7286 /* Info.plist */,
			);
			path = Resources;
			sourceTree = "<group>";
		};
		8DDBFBA1225614AF009F7286 /* Main */ = {
			isa = PBXGroup;
			children = (
				8D32533D2269C2D900A0F090 /* Assemblers */,
				8D3253412269C8A600A0F090 /* ApplicationCoordinator */,
				8D3253422269C8C100A0F090 /* Coordinators */,
				8DDBFB8E22560BC7009F7286 /* AppDelegate.swift */,
			);
			path = Main;
			sourceTree = "<group>";
		};
		8DDBFBA2225614B8009F7286 /* Screens */ = {
			isa = PBXGroup;
			children = (
				8D625F9B228BF7BF00D96079 /* TrendingGIFs */,
				8D6F924222576AAF00D43279 /* SearchGifs */,
				8DDBFBA322561865009F7286 /* RandomGif */,
				8DB9384B229C39DB006F6D88 /* GIFDetail */,
			);
			path = Screens;
			sourceTree = "<group>";
		};
		8DDBFBA322561865009F7286 /* RandomGif */ = {
			isa = PBXGroup;
			children = (
				8DF57047226DC08100DFA9B3 /* RandomGifModule.swift */,
				8D325350226A1FCD00A0F090 /* Presenter */,
				8D325351226A1FD900A0F090 /* View */,
			);
			path = RandomGif;
			sourceTree = "<group>";
		};
		8DDBFBA422561A32009F7286 /* CoreServices */ = {
			isa = PBXGroup;
			children = (
				8D0DBDA72273560300908D4F /* GifCache */,
				8D954DDA225CF6FE003A0195 /* GifFetcher */,
				8DC6C416225642CD00C2FAF2 /* GifDataEngine */,
				8DDBFBA522561A47009F7286 /* GiphyRequestManager */,
			);
			path = CoreServices;
			sourceTree = "<group>";
		};
		8DDBFBA522561A47009F7286 /* GiphyRequestManager */ = {
			isa = PBXGroup;
			children = (
				8DDBFBA622561A6C009F7286 /* GiphyRequestManager.swift */,
				8D70772F2280788500627564 /* API */,
			);
			path = GiphyRequestManager;
			sourceTree = "<group>";
		};
		8DDBFBAA22561F70009F7286 /* Protocols */ = {
			isa = PBXGroup;
			children = (
				8D0BFE70227C209700DB695D /* HTTPRequestCommandType.swift */,
				8DDBFBAB22561F89009F7286 /* StoryboardLoadable.swift */,
				8DDBFBAD22561FBB009F7286 /* InterfaceBuilderIdentifiable.swift */,
				8D6424662257A482001579F3 /* XibLoadable.swift */,
				8D32534D226A1E6800A0F090 /* ChildCoordinatorsHoldable.swift */,
				8DF57045226DC00B00DFA9B3 /* ViewControllerModule.swift */,
				8D2ADE4E228EA541003C9B84 /* MVPModule.swift */,
			);
			path = Protocols;
			sourceTree = "<group>";
		};
		8DDBFBAF22562524009F7286 /* Extensions */ = {
			isa = PBXGroup;
			children = (
				8DDBFBB022562594009F7286 /* UIStoryboard+ViewControllerInstantiation.swift */,
				8D08DB8E225DF10D004959D8 /* UIColor.swift */,
				8DAF8A91226771D4007E15A2 /* Resolver+SwiftResult.swift */,
			);
			path = Extensions;
			sourceTree = "<group>";
		};
		8DDCF2482296A17F002EAF98 /* PaginationController */ = {
			isa = PBXGroup;
			children = (
				8DDCF24622968962002EAF98 /* PaginationController.swift */,
			);
			path = PaginationController;
			sourceTree = "<group>";
		};
		8DDCF2492296DB00002EAF98 /* TrendingGIFsPaginationService */ = {
			isa = PBXGroup;
			children = (
				8DDCF24A2296DD6A002EAF98 /* TrendingGIFsPaginationServiceType.swift */,
				8DDCF24C2296DD78002EAF98 /* TrendingGIFsPaginationService.swift */,
			);
			path = TrendingGIFsPaginationService;
			sourceTree = "<group>";
		};
		8DF5704E226E08A400DFA9B3 /* Presenter */ = {
			isa = PBXGroup;
			children = (
				8DF5704F226E08D100DFA9B3 /* SearchGifsPresenter.swift */,
				8DF57051226E08E500DFA9B3 /* SearchGifsViewPresenter.swift */,
			);
			path = Presenter;
			sourceTree = "<group>";
		};
		8DF57055226E0BD800DFA9B3 /* SearchGIFsService */ = {
			isa = PBXGroup;
			children = (
				8DF57056226E0BEC00DFA9B3 /* SearchGIFsService.swift */,
				8DF57058226E0BFD00DFA9B3 /* SearchGIFsServiceType.swift */,
			);
			path = SearchGIFsService;
			sourceTree = "<group>";
		};
		8DF5705A226E0DAF00DFA9B3 /* View */ = {
			isa = PBXGroup;
			children = (
				8D0DBDA42272EE5700908D4F /* CollectionView */,
				8DF5705B226E0DDE00DFA9B3 /* SearchGIFsView.swift */,
				8D6F924322576AD100D43279 /* SearchGifsViewController.swift */,
				8D6F924722576B0900D43279 /* SearchGifsViewController.storyboard */,
			);
			path = View;
			sourceTree = "<group>";
		};
		9FD3F905CE40CA5B0DBD1C4F /* Pods */ = {
			isa = PBXGroup;
			children = (
				8A1F3841D49BE85F8A481E6C /* Pods-Giphity.debug.xcconfig */,
				D524A7D9CD259B0B4BF6F805 /* Pods-Giphity.release.xcconfig */,
			);
			path = Pods;
			sourceTree = "<group>";
		};
		BC1297B2CDE4ED2C22F379B5 /* Frameworks */ = {
			isa = PBXGroup;
			children = (
				A5803908CFF37BC9C3D9867C /* Pods_Giphity.framework */,
			);
			name = Frameworks;
			sourceTree = "<group>";
		};
/* End PBXGroup section */

/* Begin PBXNativeTarget section */
		8DDBFB8A22560BC7009F7286 /* Giphity */ = {
			isa = PBXNativeTarget;
			buildConfigurationList = 8DDBFB9D22560BC9009F7286 /* Build configuration list for PBXNativeTarget "Giphity" */;
			buildPhases = (
				A4C90C726B8A522D9FA0B578 /* [CP] Check Pods Manifest.lock */,
				8DDBFB8722560BC7009F7286 /* Sources */,
				8DDBFB8822560BC7009F7286 /* Frameworks */,
				8DDBFB8922560BC7009F7286 /* Resources */,
				BAEADCE29758B6A060FF8B2F /* [CP] Embed Pods Frameworks */,
			);
			buildRules = (
			);
			dependencies = (
			);
			name = Giphity;
			productName = Giphity;
			productReference = 8DDBFB8B22560BC7009F7286 /* Giphity.app */;
			productType = "com.apple.product-type.application";
		};
/* End PBXNativeTarget section */

/* Begin PBXProject section */
		8DDBFB8322560BC7009F7286 /* Project object */ = {
			isa = PBXProject;
			attributes = {
				LastSwiftUpdateCheck = 1020;
				LastUpgradeCheck = 1020;
				ORGANIZATIONNAME = Galushka;
				TargetAttributes = {
					8DDBFB8A22560BC7009F7286 = {
						CreatedOnToolsVersion = 10.2;
					};
				};
			};
			buildConfigurationList = 8DDBFB8622560BC7009F7286 /* Build configuration list for PBXProject "Giphity" */;
			compatibilityVersion = "Xcode 9.3";
			developmentRegion = en;
			hasScannedForEncodings = 0;
			knownRegions = (
				en,
				Base,
			);
			mainGroup = 8DDBFB8222560BC7009F7286;
			productRefGroup = 8DDBFB8C22560BC7009F7286 /* Products */;
			projectDirPath = "";
			projectRoot = "";
			targets = (
				8DDBFB8A22560BC7009F7286 /* Giphity */,
			);
		};
/* End PBXProject section */

/* Begin PBXResourcesBuildPhase section */
		8DDBFB8922560BC7009F7286 /* Resources */ = {
			isa = PBXResourcesBuildPhase;
			buildActionMask = 2147483647;
			files = (
				8DB93852229C3A5B006F6D88 /* GIFDetailViewController.storyboard in Resources */,
				8D6F924822576B0900D43279 /* SearchGifsViewController.storyboard in Resources */,
				8D0986BC228C621C00C42F2A /* TrendingGIFsViewController.storyboard in Resources */,
				8DDBFB9922560BC9009F7286 /* LaunchScreen.storyboard in Resources */,
				8DDBFBA922561F48009F7286 /* RandomGifViewController.storyboard in Resources */,
				8DDBFB9622560BC9009F7286 /* Assets.xcassets in Resources */,
				8D2ADE61228EE6F3003C9B84 /* TrendingGIFCollectionViewCell.xib in Resources */,
				8D6F924D22576C3500D43279 /* GifCollectionViewCell.xib in Resources */,
			);
			runOnlyForDeploymentPostprocessing = 0;
		};
/* End PBXResourcesBuildPhase section */

/* Begin PBXShellScriptBuildPhase section */
		A4C90C726B8A522D9FA0B578 /* [CP] Check Pods Manifest.lock */ = {
			isa = PBXShellScriptBuildPhase;
			buildActionMask = 2147483647;
			files = (
			);
			inputFileListPaths = (
			);
			inputPaths = (
				"${PODS_PODFILE_DIR_PATH}/Podfile.lock",
				"${PODS_ROOT}/Manifest.lock",
			);
			name = "[CP] Check Pods Manifest.lock";
			outputFileListPaths = (
			);
			outputPaths = (
				"$(DERIVED_FILE_DIR)/Pods-Giphity-checkManifestLockResult.txt",
			);
			runOnlyForDeploymentPostprocessing = 0;
			shellPath = /bin/sh;
			shellScript = "diff \"${PODS_PODFILE_DIR_PATH}/Podfile.lock\" \"${PODS_ROOT}/Manifest.lock\" > /dev/null\nif [ $? != 0 ] ; then\n    # print error to STDERR\n    echo \"error: The sandbox is not in sync with the Podfile.lock. Run 'pod install' or update your CocoaPods installation.\" >&2\n    exit 1\nfi\n# This output is used by Xcode 'outputs' to avoid re-running this script phase.\necho \"SUCCESS\" > \"${SCRIPT_OUTPUT_FILE_0}\"\n";
			showEnvVarsInLog = 0;
		};
		BAEADCE29758B6A060FF8B2F /* [CP] Embed Pods Frameworks */ = {
			isa = PBXShellScriptBuildPhase;
			buildActionMask = 2147483647;
			files = (
			);
			inputFileListPaths = (
			);
			inputPaths = (
				"${PODS_ROOT}/Target Support Files/Pods-Giphity/Pods-Giphity-frameworks.sh",
				"${BUILT_PRODUCTS_DIR}/Alamofire/Alamofire.framework",
				"${BUILT_PRODUCTS_DIR}/PromiseKit/PromiseKit.framework",
			);
			name = "[CP] Embed Pods Frameworks";
			outputFileListPaths = (
			);
			outputPaths = (
				"${TARGET_BUILD_DIR}/${FRAMEWORKS_FOLDER_PATH}/Alamofire.framework",
				"${TARGET_BUILD_DIR}/${FRAMEWORKS_FOLDER_PATH}/PromiseKit.framework",
			);
			runOnlyForDeploymentPostprocessing = 0;
			shellPath = /bin/sh;
			shellScript = "\"${PODS_ROOT}/Target Support Files/Pods-Giphity/Pods-Giphity-frameworks.sh\"\n";
			showEnvVarsInLog = 0;
		};
/* End PBXShellScriptBuildPhase section */

/* Begin PBXSourcesBuildPhase section */
		8DDBFB8722560BC7009F7286 /* Sources */ = {
			isa = PBXSourcesBuildPhase;
			buildActionMask = 2147483647;
			files = (
				8D0D6237226859AE0011FF04 /* GifDataEngineType.swift in Sources */,
				8D42CFD02292A2C900835029 /* TrendingGIFsService.swift in Sources */,
				8D410E53225BA1E9001F5132 /* Section.swift in Sources */,
				8DF57044226DB0A600DFA9B3 /* RandomGifView.swift in Sources */,
				8D6F924C22576C3500D43279 /* GifCollectionViewCell.swift in Sources */,
				8D003C4D2282D33500AAFAB0 /* SearchGIFsPaginationServiceType.swift in Sources */,
				8D625FA0228BF85100D96079 /* TrendingGIFsViewPresenter.swift in Sources */,
				8D0DBDA92273561C00908D4F /* GifCacheType.swift in Sources */,
				8DF5704A226DC19100DFA9B3 /* MainFlowCoordinatorModulesAssembler.swift in Sources */,
				8D625F95228BF15300D96079 /* TrendingGIFsRequestPerformable.swift in Sources */,
				8D42CFDE2292E37B00835029 /* TrendingGIFsCollectionViewController.swift in Sources */,
				8D2ADE55228EA9C4003C9B84 /* TrendingGIFsModule.swift in Sources */,
				8D325348226A12E500A0F090 /* CoordinatorsFactory.swift in Sources */,
				8DB9384D229C3A1A006F6D88 /* GIFDetailModule.swift in Sources */,
				8DAF8A92226771D4007E15A2 /* Resolver+SwiftResult.swift in Sources */,
				8DE8D976229D33B000C96AC7 /* TrendingGIFsPresenterOutput.swift in Sources */,
				8DF57048226DC08100DFA9B3 /* RandomGifModule.swift in Sources */,
				8D0986BE228C62CE00C42F2A /* TrendingGIFsView.swift in Sources */,
				8D08DB8C225DDBD5004959D8 /* GiphySearchResponse.swift in Sources */,
				8DDBFBAC22561F89009F7286 /* StoryboardLoadable.swift in Sources */,
				8DDBFBAE22561FBB009F7286 /* InterfaceBuilderIdentifiable.swift in Sources */,
				8DF5705C226E0DDE00DFA9B3 /* SearchGIFsView.swift in Sources */,
				8D42CFD22292A2E200835029 /* TrendingGIFsServiceType.swift in Sources */,
				8DB93857229C3ADA006F6D88 /* GIFDetailViewPresenter.swift in Sources */,
				8D32533C2269C26A00A0F090 /* ApplicationAssembler.swift in Sources */,
				8DDBFB9122560BC7009F7286 /* RandomGifViewController.swift in Sources */,
				8DDCF24722968962002EAF98 /* PaginationController.swift in Sources */,
				8DDBFB8F22560BC7009F7286 /* AppDelegate.swift in Sources */,
				8DA0880B227095230042DC05 /* TimeSpentLogger.swift in Sources */,
				8D0D623B226874390011FF04 /* RandomGIFRequestPerformable.swift in Sources */,
				8D9A491D225B2EC500F0AFE8 /* MainFlowCoordinator.swift in Sources */,
				8D1AAF332271EBA700B0E078 /* GifPrefetchingService.swift in Sources */,
				8DF57057226E0BEC00DFA9B3 /* SearchGIFsService.swift in Sources */,
				8DB93859229C3AEC006F6D88 /* GIFDetailView.swift in Sources */,
				8DF57046226DC00B00DFA9B3 /* ViewControllerModule.swift in Sources */,
				8D410E4F225B9FE8001F5132 /* DataSource.swift in Sources */,
				8D410E40225B4B45001F5132 /* GifObject.swift in Sources */,
				8D1AAF352271EBB800B0E078 /* GifPrefetchingServiceType.swift in Sources */,
				8D42CFD72292D40900835029 /* SearchGIFsCollectionViewControllerDelegate.swift in Sources */,
				8D42CFE02292E4C800835029 /* TrendingCollectionViewControllerDelegate.swift in Sources */,
				8DB93855229C3ACC006F6D88 /* GIFDetailPresenter.swift in Sources */,
				8D2ADE60228EE6F3003C9B84 /* TrendingGIFCollectionViewCell.swift in Sources */,
				8DF57050226E08D100DFA9B3 /* SearchGifsPresenter.swift in Sources */,
				8D003C4F2282D33F00AAFAB0 /* SearchGIFsPaginationService.swift in Sources */,
				8D08DB8F225DF10D004959D8 /* UIColor.swift in Sources */,
				8D0986BA228C61EC00C42F2A /* TrendingGIFsViewController.swift in Sources */,
				8D32534E226A1E6800A0F090 /* ChildCoordinatorsHoldable.swift in Sources */,
				8DF57052226E08E500DFA9B3 /* SearchGifsViewPresenter.swift in Sources */,
				8DDBFBA722561A6C009F7286 /* GiphyRequestManager.swift in Sources */,
				8D0D624122687E5E0011FF04 /* RandomGifServiceType.swift in Sources */,
				8DF57042226DAB8700DFA9B3 /* RandomGifViewPresenter.swift in Sources */,
				8D9A491B225B2E9600F0AFE8 /* FlowCoordinatorType.swift in Sources */,
				8D0D6235226858FF0011FF04 /* GifFetcherType.swift in Sources */,
				8D625F9A228BF49D00D96079 /* GiphyPagination.swift in Sources */,
				8DDBFBB122562594009F7286 /* UIStoryboard+ViewControllerInstantiation.swift in Sources */,
				8D0BFE71227C209700DB695D /* HTTPRequestCommandType.swift in Sources */,
				8DE8D978229D375C00C96AC7 /* TrendingGIFsModuleOutput.swift in Sources */,
				8D325353226A234A00A0F090 /* RandomGifPresenter.swift in Sources */,
				8D3253462269C90200A0F090 /* AppCoordinator.swift in Sources */,
				8D09203D225C83C8004D6F90 /* CollectionViewCellConfigurator.swift in Sources */,
				8D08DB88225DD36C004959D8 /* CollectionViewDataSource.swift in Sources */,
				8DDCF24B2296DD6A002EAF98 /* TrendingGIFsPaginationServiceType.swift in Sources */,
				8D625FA7228C0C0800D96079 /* GiphySearchResponseConvertor.swift in Sources */,
				8D0D6233226857B90011FF04 /* RandomGifService.swift in Sources */,
				8DFCF4582268C0CF007327F6 /* GifFetcher+Error.swift in Sources */,
				8DDCF24D2296DD78002EAF98 /* TrendingGIFsPaginationService.swift in Sources */,
				8D410E46225B68DB001F5132 /* ImagesObject.swift in Sources */,
				8DF5705F226E195500DFA9B3 /* SearchGIFsModule.swift in Sources */,
				8D2ADE58228EBC02003C9B84 /* TrendingGIFsCollectionViewLayout.swift in Sources */,
				8D0DBDAB2273585A00908D4F /* GifCache.swift in Sources */,
				8DF57054226E09A200DFA9B3 /* SearchGIFsRequestPerformable.swift in Sources */,
				8D625FA5228BFD3200D96079 /* GiphySearchResponseConvertorType.swift in Sources */,
				8D0DBDA62272EEAF00908D4F /* SearchGIFsCollectionViewLayout.swift in Sources */,
				8DF5704C226DC1A400DFA9B3 /* MainFlowCoordinatorModulesAssemblerType.swift in Sources */,
				8D6424672257A482001579F3 /* XibLoadable.swift in Sources */,
				8D70772B2280723B00627564 /* GiphyRequestManager+RandomGIF.swift in Sources */,
				8DC6C418225642E600C2FAF2 /* GifDataEngine.swift in Sources */,
				8D0D623D22687A310011FF04 /* RandomGifServiceError.swift in Sources */,
				8D70772D2280761B00627564 /* GiphyRequestManager+SearchGIFs.swift in Sources */,
				8DF57059226E0BFD00DFA9B3 /* SearchGIFsServiceType.swift in Sources */,
				8D42CFD42292CA3200835029 /* SearchGIFsCollectionViewController.swift in Sources */,
				8D625F9E228BF80700D96079 /* TrendingGIFsPresenter.swift in Sources */,
				8D3253442269C8F900A0F090 /* AppCoordinatorType.swift in Sources */,
				8D410E4D225B91F2001F5132 /* GiphyResponse.swift in Sources */,
				8DB9384F229C3A49006F6D88 /* GIFDetailViewController.swift in Sources */,
				8D954DD8225CF1AD003A0195 /* GifCollectionViewCellViewModel.swift in Sources */,
				8D4087C72294013C00C895EB /* TrendingGIFCollectionViewCell+ViewModel.swift in Sources */,
				8D2ADE4F228EA541003C9B84 /* MVPModule.swift in Sources */,
				8D954DDC225CF70C003A0195 /* GifFetcher.swift in Sources */,
				8D625F97228BF17100D96079 /* GiphyRequestManager+TrendingGIFs.swift in Sources */,
				8D3253402269C30300A0F090 /* ApplicationAssemblerType.swift in Sources */,
				8D32534B226A192500A0F090 /* CoordinatorsFactoryType.swift in Sources */,
				8D6F924522576AD100D43279 /* SearchGifsViewController.swift in Sources */,
			);
			runOnlyForDeploymentPostprocessing = 0;
		};
/* End PBXSourcesBuildPhase section */

/* Begin PBXVariantGroup section */
		8DDBFB9722560BC9009F7286 /* LaunchScreen.storyboard */ = {
			isa = PBXVariantGroup;
			children = (
				8DDBFB9822560BC9009F7286 /* Base */,
			);
			name = LaunchScreen.storyboard;
			sourceTree = "<group>";
		};
/* End PBXVariantGroup section */

/* Begin XCBuildConfiguration section */
		8DDBFB9B22560BC9009F7286 /* Debug */ = {
			isa = XCBuildConfiguration;
			buildSettings = {
				ALWAYS_SEARCH_USER_PATHS = NO;
				CLANG_ANALYZER_NONNULL = YES;
				CLANG_ANALYZER_NUMBER_OBJECT_CONVERSION = YES_AGGRESSIVE;
				CLANG_CXX_LANGUAGE_STANDARD = "gnu++14";
				CLANG_CXX_LIBRARY = "libc++";
				CLANG_ENABLE_MODULES = YES;
				CLANG_ENABLE_OBJC_ARC = YES;
				CLANG_ENABLE_OBJC_WEAK = YES;
				CLANG_WARN_BLOCK_CAPTURE_AUTORELEASING = YES;
				CLANG_WARN_BOOL_CONVERSION = YES;
				CLANG_WARN_COMMA = YES;
				CLANG_WARN_CONSTANT_CONVERSION = YES;
				CLANG_WARN_DEPRECATED_OBJC_IMPLEMENTATIONS = YES;
				CLANG_WARN_DIRECT_OBJC_ISA_USAGE = YES_ERROR;
				CLANG_WARN_DOCUMENTATION_COMMENTS = YES;
				CLANG_WARN_EMPTY_BODY = YES;
				CLANG_WARN_ENUM_CONVERSION = YES;
				CLANG_WARN_INFINITE_RECURSION = YES;
				CLANG_WARN_INT_CONVERSION = YES;
				CLANG_WARN_NON_LITERAL_NULL_CONVERSION = YES;
				CLANG_WARN_OBJC_IMPLICIT_RETAIN_SELF = YES;
				CLANG_WARN_OBJC_LITERAL_CONVERSION = YES;
				CLANG_WARN_OBJC_ROOT_CLASS = YES_ERROR;
				CLANG_WARN_RANGE_LOOP_ANALYSIS = YES;
				CLANG_WARN_STRICT_PROTOTYPES = YES;
				CLANG_WARN_SUSPICIOUS_MOVE = YES;
				CLANG_WARN_UNGUARDED_AVAILABILITY = YES_AGGRESSIVE;
				CLANG_WARN_UNREACHABLE_CODE = YES;
				CLANG_WARN__DUPLICATE_METHOD_MATCH = YES;
				CODE_SIGN_IDENTITY = "iPhone Developer";
				COPY_PHASE_STRIP = NO;
				DEBUG_INFORMATION_FORMAT = dwarf;
				ENABLE_STRICT_OBJC_MSGSEND = YES;
				ENABLE_TESTABILITY = YES;
				GCC_C_LANGUAGE_STANDARD = gnu11;
				GCC_DYNAMIC_NO_PIC = NO;
				GCC_NO_COMMON_BLOCKS = YES;
				GCC_OPTIMIZATION_LEVEL = 0;
				GCC_PREPROCESSOR_DEFINITIONS = (
					"DEBUG=1",
					"$(inherited)",
				);
				GCC_WARN_64_TO_32_BIT_CONVERSION = YES;
				GCC_WARN_ABOUT_RETURN_TYPE = YES_ERROR;
				GCC_WARN_UNDECLARED_SELECTOR = YES;
				GCC_WARN_UNINITIALIZED_AUTOS = YES_AGGRESSIVE;
				GCC_WARN_UNUSED_FUNCTION = YES;
				GCC_WARN_UNUSED_VARIABLE = YES;
				IPHONEOS_DEPLOYMENT_TARGET = 12.2;
				MTL_ENABLE_DEBUG_INFO = INCLUDE_SOURCE;
				MTL_FAST_MATH = YES;
				ONLY_ACTIVE_ARCH = YES;
				SDKROOT = iphoneos;
				SWIFT_ACTIVE_COMPILATION_CONDITIONS = DEBUG;
				SWIFT_OPTIMIZATION_LEVEL = "-Onone";
			};
			name = Debug;
		};
		8DDBFB9C22560BC9009F7286 /* Release */ = {
			isa = XCBuildConfiguration;
			buildSettings = {
				ALWAYS_SEARCH_USER_PATHS = NO;
				CLANG_ANALYZER_NONNULL = YES;
				CLANG_ANALYZER_NUMBER_OBJECT_CONVERSION = YES_AGGRESSIVE;
				CLANG_CXX_LANGUAGE_STANDARD = "gnu++14";
				CLANG_CXX_LIBRARY = "libc++";
				CLANG_ENABLE_MODULES = YES;
				CLANG_ENABLE_OBJC_ARC = YES;
				CLANG_ENABLE_OBJC_WEAK = YES;
				CLANG_WARN_BLOCK_CAPTURE_AUTORELEASING = YES;
				CLANG_WARN_BOOL_CONVERSION = YES;
				CLANG_WARN_COMMA = YES;
				CLANG_WARN_CONSTANT_CONVERSION = YES;
				CLANG_WARN_DEPRECATED_OBJC_IMPLEMENTATIONS = YES;
				CLANG_WARN_DIRECT_OBJC_ISA_USAGE = YES_ERROR;
				CLANG_WARN_DOCUMENTATION_COMMENTS = YES;
				CLANG_WARN_EMPTY_BODY = YES;
				CLANG_WARN_ENUM_CONVERSION = YES;
				CLANG_WARN_INFINITE_RECURSION = YES;
				CLANG_WARN_INT_CONVERSION = YES;
				CLANG_WARN_NON_LITERAL_NULL_CONVERSION = YES;
				CLANG_WARN_OBJC_IMPLICIT_RETAIN_SELF = YES;
				CLANG_WARN_OBJC_LITERAL_CONVERSION = YES;
				CLANG_WARN_OBJC_ROOT_CLASS = YES_ERROR;
				CLANG_WARN_RANGE_LOOP_ANALYSIS = YES;
				CLANG_WARN_STRICT_PROTOTYPES = YES;
				CLANG_WARN_SUSPICIOUS_MOVE = YES;
				CLANG_WARN_UNGUARDED_AVAILABILITY = YES_AGGRESSIVE;
				CLANG_WARN_UNREACHABLE_CODE = YES;
				CLANG_WARN__DUPLICATE_METHOD_MATCH = YES;
				CODE_SIGN_IDENTITY = "iPhone Developer";
				COPY_PHASE_STRIP = NO;
				DEBUG_INFORMATION_FORMAT = "dwarf-with-dsym";
				ENABLE_NS_ASSERTIONS = NO;
				ENABLE_STRICT_OBJC_MSGSEND = YES;
				GCC_C_LANGUAGE_STANDARD = gnu11;
				GCC_NO_COMMON_BLOCKS = YES;
				GCC_WARN_64_TO_32_BIT_CONVERSION = YES;
				GCC_WARN_ABOUT_RETURN_TYPE = YES_ERROR;
				GCC_WARN_UNDECLARED_SELECTOR = YES;
				GCC_WARN_UNINITIALIZED_AUTOS = YES_AGGRESSIVE;
				GCC_WARN_UNUSED_FUNCTION = YES;
				GCC_WARN_UNUSED_VARIABLE = YES;
				IPHONEOS_DEPLOYMENT_TARGET = 12.2;
				MTL_ENABLE_DEBUG_INFO = NO;
				MTL_FAST_MATH = YES;
				SDKROOT = iphoneos;
				SWIFT_COMPILATION_MODE = wholemodule;
				SWIFT_OPTIMIZATION_LEVEL = "-O";
				VALIDATE_PRODUCT = YES;
			};
			name = Release;
		};
		8DDBFB9E22560BC9009F7286 /* Debug */ = {
			isa = XCBuildConfiguration;
			baseConfigurationReference = 8A1F3841D49BE85F8A481E6C /* Pods-Giphity.debug.xcconfig */;
			buildSettings = {
				ASSETCATALOG_COMPILER_APPICON_NAME = AppIcon;
				CODE_SIGN_IDENTITY = "iPhone Developer";
				CODE_SIGN_STYLE = Automatic;
				DEVELOPMENT_TEAM = YDDE2DY87F;
				INFOPLIST_FILE = Giphity/Resources/Info.plist;
				IPHONEOS_DEPLOYMENT_TARGET = 12.1.4;
				LD_RUNPATH_SEARCH_PATHS = (
					"$(inherited)",
					"@executable_path/Frameworks",
				);
				PRODUCT_BUNDLE_IDENTIFIER = Halushka.Giphity;
				PRODUCT_NAME = "$(TARGET_NAME)";
				PROVISIONING_PROFILE_SPECIFIER = "";
				SWIFT_VERSION = 5.0;
				TARGETED_DEVICE_FAMILY = "1,2";
			};
			name = Debug;
		};
		8DDBFB9F22560BC9009F7286 /* Release */ = {
			isa = XCBuildConfiguration;
			baseConfigurationReference = D524A7D9CD259B0B4BF6F805 /* Pods-Giphity.release.xcconfig */;
			buildSettings = {
				ASSETCATALOG_COMPILER_APPICON_NAME = AppIcon;
				CODE_SIGN_IDENTITY = "iPhone Developer";
				CODE_SIGN_STYLE = Automatic;
				DEVELOPMENT_TEAM = YDDE2DY87F;
				INFOPLIST_FILE = Giphity/Resources/Info.plist;
				IPHONEOS_DEPLOYMENT_TARGET = 12.1.4;
				LD_RUNPATH_SEARCH_PATHS = (
					"$(inherited)",
					"@executable_path/Frameworks",
				);
				PRODUCT_BUNDLE_IDENTIFIER = Halushka.Giphity;
				PRODUCT_NAME = "$(TARGET_NAME)";
				PROVISIONING_PROFILE_SPECIFIER = "";
				SWIFT_VERSION = 5.0;
				TARGETED_DEVICE_FAMILY = "1,2";
			};
			name = Release;
		};
/* End XCBuildConfiguration section */

/* Begin XCConfigurationList section */
		8DDBFB8622560BC7009F7286 /* Build configuration list for PBXProject "Giphity" */ = {
			isa = XCConfigurationList;
			buildConfigurations = (
				8DDBFB9B22560BC9009F7286 /* Debug */,
				8DDBFB9C22560BC9009F7286 /* Release */,
			);
			defaultConfigurationIsVisible = 0;
			defaultConfigurationName = Release;
		};
		8DDBFB9D22560BC9009F7286 /* Build configuration list for PBXNativeTarget "Giphity" */ = {
			isa = XCConfigurationList;
			buildConfigurations = (
				8DDBFB9E22560BC9009F7286 /* Debug */,
				8DDBFB9F22560BC9009F7286 /* Release */,
			);
			defaultConfigurationIsVisible = 0;
			defaultConfigurationName = Release;
		};
/* End XCConfigurationList section */
	};
	rootObject = 8DDBFB8322560BC7009F7286 /* Project object */;
}
